// !$*UTF8*$!
{
	archiveVersion = 1;
	classes = {
	};
	objectVersion = 46;
	objects = {

/* Begin PBXBuildFile section */
		1C36E1471AD432F7002E011E /* UIView+Events.m in Sources */ = {isa = PBXBuildFile; fileRef = 1C36E1461AD432F7002E011E /* UIView+Events.m */; };
		1CC8EEBE1AD13AFC008C0286 /* MFPlugIn.m in Sources */ = {isa = PBXBuildFile; fileRef = 1CC8EE881AD13AFC008C0286 /* MFPlugIn.m */; };
		1CC8EEBF1AD13AFC008C0286 /* MFCssParser.m in Sources */ = {isa = PBXBuildFile; fileRef = 1CC8EE8B1AD13AFC008C0286 /* MFCssParser.m */; };
		1CC8EEC01AD13AFC008C0286 /* MFHtmlParser.m in Sources */ = {isa = PBXBuildFile; fileRef = 1CC8EE8D1AD13AFC008C0286 /* MFHtmlParser.m */; };
		1CC8EEC11AD13AFC008C0286 /* MFParser.m in Sources */ = {isa = PBXBuildFile; fileRef = 1CC8EE8F1AD13AFC008C0286 /* MFParser.m */; };
		1CC8EEC31AD13AFC008C0286 /* MFLuaScript.m in Sources */ = {isa = PBXBuildFile; fileRef = 1CC8EE941AD13AFC008C0286 /* MFLuaScript.m */; };
		1CC8EEC41AD13AFC008C0286 /* MFScript.m in Sources */ = {isa = PBXBuildFile; fileRef = 1CC8EE961AD13AFC008C0286 /* MFScript.m */; };
		1CC8EEC51AD13AFC008C0286 /* MFCorePlugInFactory.m in Sources */ = {isa = PBXBuildFile; fileRef = 1CC8EE991AD13AFC008C0286 /* MFCorePlugInFactory.m */; };
		1CC8EEC61AD13AFC008C0286 /* MFUIFactory.m in Sources */ = {isa = PBXBuildFile; fileRef = 1CC8EE9C1AD13AFC008C0286 /* MFUIFactory.m */; };
		1CC8EEC71AD13AFC008C0286 /* MFAudioLabel.m in Sources */ = {isa = PBXBuildFile; fileRef = 1CC8EE9F1AD13AFC008C0286 /* MFAudioLabel.m */; };
		1CC8EEC81AD13AFC008C0286 /* MFButton.m in Sources */ = {isa = PBXBuildFile; fileRef = 1CC8EEA11AD13AFC008C0286 /* MFButton.m */; };
		1CC8EEC91AD13AFC008C0286 /* MFEmojiView.m in Sources */ = {isa = PBXBuildFile; fileRef = 1CC8EEA31AD13AFC008C0286 /* MFEmojiView.m */; };
		1CC8EECA1AD13AFC008C0286 /* MFImageView.m in Sources */ = {isa = PBXBuildFile; fileRef = 1CC8EEA51AD13AFC008C0286 /* MFImageView.m */; };
		1CC8EECB1AD13AFC008C0286 /* MFLabel.m in Sources */ = {isa = PBXBuildFile; fileRef = 1CC8EEA71AD13AFC008C0286 /* MFLabel.m */; };
		1CC8EECC1AD13AFC008C0286 /* MFRichLabel.m in Sources */ = {isa = PBXBuildFile; fileRef = 1CC8EEA91AD13AFC008C0286 /* MFRichLabel.m */; };
		1CC8EECD1AD13AFC008C0286 /* MFView.m in Sources */ = {isa = PBXBuildFile; fileRef = 1CC8EEAB1AD13AFC008C0286 /* MFView.m */; };
		1CC8EECE1AD13AFC008C0286 /* MFVoiceLabel.m in Sources */ = {isa = PBXBuildFile; fileRef = 1CC8EEAD1AD13AFC008C0286 /* MFVoiceLabel.m */; };
		1CC8EECF1AD13AFC008C0286 /* ESCssParser.m in Sources */ = {isa = PBXBuildFile; fileRef = 1CC8EEB31AD13AFC008C0286 /* ESCssParser.m */; settings = {COMPILER_FLAGS = "-fno-objc-arc"; }; };
		1CC8EED01AD13AFC008C0286 /* ESCssTokenizer.m in Sources */ = {isa = PBXBuildFile; fileRef = 1CC8EEB41AD13AFC008C0286 /* ESCssTokenizer.m */; };
		1CC8EED11AD13AFC008C0286 /* ESCssTokens.m in Sources */ = {isa = PBXBuildFile; fileRef = 1CC8EEB61AD13AFC008C0286 /* ESCssTokens.m */; settings = {COMPILER_FLAGS = "-fno-objc-arc"; }; };
		1CC8EED21AD13AFC008C0286 /* HTMLNode.m in Sources */ = {isa = PBXBuildFile; fileRef = 1CC8EEB91AD13AFC008C0286 /* HTMLNode.m */; settings = {COMPILER_FLAGS = "-fno-objc-arc"; }; };
		1CC8EED31AD13AFC008C0286 /* HTMLParser.m in Sources */ = {isa = PBXBuildFile; fileRef = 1CC8EEBB1AD13AFC008C0286 /* HTMLParser.m */; settings = {COMPILER_FLAGS = "-fno-objc-arc"; }; };
		1CC8EED71AD13CDA008C0286 /* MFCorePlugInService.m in Sources */ = {isa = PBXBuildFile; fileRef = 1CC8EED61AD13CDA008C0286 /* MFCorePlugInService.m */; };
		231BE4511ACFC60000B65A58 /* main.m in Sources */ = {isa = PBXBuildFile; fileRef = 231BE4501ACFC60000B65A58 /* main.m */; };
		231BE4541ACFC60000B65A58 /* AppDelegate.m in Sources */ = {isa = PBXBuildFile; fileRef = 231BE4531ACFC60000B65A58 /* AppDelegate.m */; };
		231BE4571ACFC60000B65A58 /* ViewController.m in Sources */ = {isa = PBXBuildFile; fileRef = 231BE4561ACFC60000B65A58 /* ViewController.m */; };
		231BE45A1ACFC60000B65A58 /* Main.storyboard in Resources */ = {isa = PBXBuildFile; fileRef = 231BE4581ACFC60000B65A58 /* Main.storyboard */; };
		231BE45C1ACFC60000B65A58 /* Images.xcassets in Resources */ = {isa = PBXBuildFile; fileRef = 231BE45B1ACFC60000B65A58 /* Images.xcassets */; };
		231BE45F1ACFC60000B65A58 /* LaunchScreen.xib in Resources */ = {isa = PBXBuildFile; fileRef = 231BE45D1ACFC60000B65A58 /* LaunchScreen.xib */; };
		231BE46B1ACFC60000B65A58 /* MFSDKBaseTests.m in Sources */ = {isa = PBXBuildFile; fileRef = 231BE46A1ACFC60000B65A58 /* MFSDKBaseTests.m */; };
		231BE4D81AD0377100B65A58 /* libxml2.2.dylib in Frameworks */ = {isa = PBXBuildFile; fileRef = 231BE4D71AD0377100B65A58 /* libxml2.2.dylib */; };
		231BE4E81AD142AB00B65A58 /* MFBridge.m in Sources */ = {isa = PBXBuildFile; fileRef = 231BE4E71AD142AB00B65A58 /* MFBridge.m */; };
		231BE4ED1AD39AEB00B65A58 /* wax.framework in Frameworks */ = {isa = PBXBuildFile; fileRef = 231BE4EC1AD39AEB00B65A58 /* wax.framework */; };
		23F384CD1AD4260B002A8F32 /* MFDataBinding.m in Sources */ = {isa = PBXBuildFile; fileRef = 23F384C81AD4260B002A8F32 /* MFDataBinding.m */; };
		23F384EE1AD4261B002A8F32 /* MFLayoutCenter.m in Sources */ = {isa = PBXBuildFile; fileRef = 23F384E31AD4261B002A8F32 /* MFLayoutCenter.m */; };
		23F384F51AD42630002A8F32 /* MFChatViewController.m in Sources */ = {isa = PBXBuildFile; fileRef = 23F384F21AD42630002A8F32 /* MFChatViewController.m */; };
		23F384F61AD42630002A8F32 /* MFViewController.m in Sources */ = {isa = PBXBuildFile; fileRef = 23F384F41AD42630002A8F32 /* MFViewController.m */; };
		23F385071AD4263D002A8F32 /* MFHelper.m in Sources */ = {isa = PBXBuildFile; fileRef = 23F384FA1AD4263D002A8F32 /* MFHelper.m */; };
		23F385081AD4263D002A8F32 /* MFResourceCenter.m in Sources */ = {isa = PBXBuildFile; fileRef = 23F384FC1AD4263D002A8F32 /* MFResourceCenter.m */; };
		23F3850B1AD4263D002A8F32 /* MFStrategyCenter.m in Sources */ = {isa = PBXBuildFile; fileRef = 23F385021AD4263D002A8F32 /* MFStrategyCenter.m */; };
		23F3850C1AD4263D002A8F32 /* UIView+Sizes.m in Sources */ = {isa = PBXBuildFile; fileRef = 23F385041AD4263D002A8F32 /* UIView+Sizes.m */; };
		23F3850D1AD4263D002A8F32 /* UIView+UUID.m in Sources */ = {isa = PBXBuildFile; fileRef = 23F385061AD4263D002A8F32 /* UIView+UUID.m */; };
		23F385101AD4270D002A8F32 /* MFCell.m in Sources */ = {isa = PBXBuildFile; fileRef = 23F3850F1AD4270D002A8F32 /* MFCell.m */; };
		23F385131AD42934002A8F32 /* MFDispatchCenter.m in Sources */ = {isa = PBXBuildFile; fileRef = 23F385121AD42934002A8F32 /* MFDispatchCenter.m */; };
		23F3852E1AD42C68002A8F32 /* MFSDK.bundle in Resources */ = {isa = PBXBuildFile; fileRef = 23F3852D1AD42C68002A8F32 /* MFSDK.bundle */; };
		23F3853B1AD42D28002A8F32 /* AppDelegate.lua in Resources */ = {isa = PBXBuildFile; fileRef = 23F3852F1AD42D28002A8F32 /* AppDelegate.lua */; };
		23F3853C1AD42D28002A8F32 /* Detail.css in Resources */ = {isa = PBXBuildFile; fileRef = 23F385301AD42D28002A8F32 /* Detail.css */; };
		23F3853D1AD42D28002A8F32 /* Detail.dataBinding in Resources */ = {isa = PBXBuildFile; fileRef = 23F385311AD42D28002A8F32 /* Detail.dataBinding */; };
		23F3853E1AD42D28002A8F32 /* Detail.html in Resources */ = {isa = PBXBuildFile; fileRef = 23F385321AD42D28002A8F32 /* Detail.html */; };
		23F3853F1AD42D28002A8F32 /* Detail.lua in Resources */ = {isa = PBXBuildFile; fileRef = 23F385331AD42D28002A8F32 /* Detail.lua */; };
		23F385401AD42D28002A8F32 /* Detail.plist in Resources */ = {isa = PBXBuildFile; fileRef = 23F385341AD42D28002A8F32 /* Detail.plist */; };
		23F385411AD42D28002A8F32 /* Master.css in Resources */ = {isa = PBXBuildFile; fileRef = 23F385351AD42D28002A8F32 /* Master.css */; };
		23F385421AD42D28002A8F32 /* Master.dataBinding in Resources */ = {isa = PBXBuildFile; fileRef = 23F385361AD42D28002A8F32 /* Master.dataBinding */; };
		23F385431AD42D28002A8F32 /* Master.html in Resources */ = {isa = PBXBuildFile; fileRef = 23F385371AD42D28002A8F32 /* Master.html */; };
		23F385441AD42D28002A8F32 /* Master.lua in Resources */ = {isa = PBXBuildFile; fileRef = 23F385381AD42D28002A8F32 /* Master.lua */; };
		23F385451AD42D28002A8F32 /* Master.plist in Resources */ = {isa = PBXBuildFile; fileRef = 23F385391AD42D28002A8F32 /* Master.plist */; };
		23F385461AD42D28002A8F32 /* Master副本.css in Resources */ = {isa = PBXBuildFile; fileRef = 23F3853A1AD42D28002A8F32 /* Master副本.css */; };
/* End PBXBuildFile section */

/* Begin PBXContainerItemProxy section */
		231BE4651ACFC60000B65A58 /* PBXContainerItemProxy */ = {
			isa = PBXContainerItemProxy;
			containerPortal = 231BE4431ACFC60000B65A58 /* Project object */;
			proxyType = 1;
			remoteGlobalIDString = 231BE44A1ACFC60000B65A58;
			remoteInfo = MFSDKBase;
		};
/* End PBXContainerItemProxy section */

/* Begin PBXFileReference section */
		1C36E1451AD432F7002E011E /* UIView+Events.h */ = {isa = PBXFileReference; fileEncoding = 4; lastKnownFileType = sourcecode.c.h; path = "UIView+Events.h"; sourceTree = "<group>"; };
		1C36E1461AD432F7002E011E /* UIView+Events.m */ = {isa = PBXFileReference; fileEncoding = 4; lastKnownFileType = sourcecode.c.objc; path = "UIView+Events.m"; sourceTree = "<group>"; };
		1CC8EE871AD13AFC008C0286 /* MFPlugIn.h */ = {isa = PBXFileReference; fileEncoding = 4; lastKnownFileType = sourcecode.c.h; path = MFPlugIn.h; sourceTree = "<group>"; };
		1CC8EE881AD13AFC008C0286 /* MFPlugIn.m */ = {isa = PBXFileReference; fileEncoding = 4; lastKnownFileType = sourcecode.c.objc; path = MFPlugIn.m; sourceTree = "<group>"; };
		1CC8EE8A1AD13AFC008C0286 /* MFCssParser.h */ = {isa = PBXFileReference; fileEncoding = 4; lastKnownFileType = sourcecode.c.h; path = MFCssParser.h; sourceTree = "<group>"; };
		1CC8EE8B1AD13AFC008C0286 /* MFCssParser.m */ = {isa = PBXFileReference; fileEncoding = 4; lastKnownFileType = sourcecode.c.objc; path = MFCssParser.m; sourceTree = "<group>"; };
		1CC8EE8C1AD13AFC008C0286 /* MFHtmlParser.h */ = {isa = PBXFileReference; fileEncoding = 4; lastKnownFileType = sourcecode.c.h; path = MFHtmlParser.h; sourceTree = "<group>"; };
		1CC8EE8D1AD13AFC008C0286 /* MFHtmlParser.m */ = {isa = PBXFileReference; fileEncoding = 4; lastKnownFileType = sourcecode.c.objc; path = MFHtmlParser.m; sourceTree = "<group>"; };
		1CC8EE8E1AD13AFC008C0286 /* MFParser.h */ = {isa = PBXFileReference; fileEncoding = 4; lastKnownFileType = sourcecode.c.h; path = MFParser.h; sourceTree = "<group>"; };
		1CC8EE8F1AD13AFC008C0286 /* MFParser.m */ = {isa = PBXFileReference; fileEncoding = 4; lastKnownFileType = sourcecode.c.objc; path = MFParser.m; sourceTree = "<group>"; };
		1CC8EE931AD13AFC008C0286 /* MFLuaScript.h */ = {isa = PBXFileReference; fileEncoding = 4; lastKnownFileType = sourcecode.c.h; path = MFLuaScript.h; sourceTree = "<group>"; };
		1CC8EE941AD13AFC008C0286 /* MFLuaScript.m */ = {isa = PBXFileReference; fileEncoding = 4; lastKnownFileType = sourcecode.c.objc; path = MFLuaScript.m; sourceTree = "<group>"; };
		1CC8EE951AD13AFC008C0286 /* MFScript.h */ = {isa = PBXFileReference; fileEncoding = 4; lastKnownFileType = sourcecode.c.h; path = MFScript.h; sourceTree = "<group>"; };
		1CC8EE961AD13AFC008C0286 /* MFScript.m */ = {isa = PBXFileReference; fileEncoding = 4; lastKnownFileType = sourcecode.c.objc; path = MFScript.m; sourceTree = "<group>"; };
		1CC8EE981AD13AFC008C0286 /* MFCorePlugInFactory.h */ = {isa = PBXFileReference; fileEncoding = 4; lastKnownFileType = sourcecode.c.h; name = MFCorePlugInFactory.h; path = ../MFCorePlugInFactory.h; sourceTree = "<group>"; };
		1CC8EE991AD13AFC008C0286 /* MFCorePlugInFactory.m */ = {isa = PBXFileReference; fileEncoding = 4; lastKnownFileType = sourcecode.c.objc; name = MFCorePlugInFactory.m; path = ../MFCorePlugInFactory.m; sourceTree = "<group>"; };
		1CC8EE9B1AD13AFC008C0286 /* MFUIFactory.h */ = {isa = PBXFileReference; fileEncoding = 4; lastKnownFileType = sourcecode.c.h; path = MFUIFactory.h; sourceTree = "<group>"; };
		1CC8EE9C1AD13AFC008C0286 /* MFUIFactory.m */ = {isa = PBXFileReference; fileEncoding = 4; lastKnownFileType = sourcecode.c.objc; path = MFUIFactory.m; sourceTree = "<group>"; };
		1CC8EE9E1AD13AFC008C0286 /* MFAudioLabel.h */ = {isa = PBXFileReference; fileEncoding = 4; lastKnownFileType = sourcecode.c.h; path = MFAudioLabel.h; sourceTree = "<group>"; };
		1CC8EE9F1AD13AFC008C0286 /* MFAudioLabel.m */ = {isa = PBXFileReference; fileEncoding = 4; lastKnownFileType = sourcecode.c.objc; path = MFAudioLabel.m; sourceTree = "<group>"; };
		1CC8EEA01AD13AFC008C0286 /* MFButton.h */ = {isa = PBXFileReference; fileEncoding = 4; lastKnownFileType = sourcecode.c.h; path = MFButton.h; sourceTree = "<group>"; };
		1CC8EEA11AD13AFC008C0286 /* MFButton.m */ = {isa = PBXFileReference; fileEncoding = 4; lastKnownFileType = sourcecode.c.objc; path = MFButton.m; sourceTree = "<group>"; };
		1CC8EEA21AD13AFC008C0286 /* MFEmojiView.h */ = {isa = PBXFileReference; fileEncoding = 4; lastKnownFileType = sourcecode.c.h; path = MFEmojiView.h; sourceTree = "<group>"; };
		1CC8EEA31AD13AFC008C0286 /* MFEmojiView.m */ = {isa = PBXFileReference; fileEncoding = 4; lastKnownFileType = sourcecode.c.objc; path = MFEmojiView.m; sourceTree = "<group>"; };
		1CC8EEA41AD13AFC008C0286 /* MFImageView.h */ = {isa = PBXFileReference; fileEncoding = 4; lastKnownFileType = sourcecode.c.h; path = MFImageView.h; sourceTree = "<group>"; };
		1CC8EEA51AD13AFC008C0286 /* MFImageView.m */ = {isa = PBXFileReference; fileEncoding = 4; lastKnownFileType = sourcecode.c.objc; path = MFImageView.m; sourceTree = "<group>"; };
		1CC8EEA61AD13AFC008C0286 /* MFLabel.h */ = {isa = PBXFileReference; fileEncoding = 4; lastKnownFileType = sourcecode.c.h; path = MFLabel.h; sourceTree = "<group>"; };
		1CC8EEA71AD13AFC008C0286 /* MFLabel.m */ = {isa = PBXFileReference; fileEncoding = 4; lastKnownFileType = sourcecode.c.objc; path = MFLabel.m; sourceTree = "<group>"; };
		1CC8EEA81AD13AFC008C0286 /* MFRichLabel.h */ = {isa = PBXFileReference; fileEncoding = 4; lastKnownFileType = sourcecode.c.h; path = MFRichLabel.h; sourceTree = "<group>"; };
		1CC8EEA91AD13AFC008C0286 /* MFRichLabel.m */ = {isa = PBXFileReference; fileEncoding = 4; lastKnownFileType = sourcecode.c.objc; path = MFRichLabel.m; sourceTree = "<group>"; };
		1CC8EEAA1AD13AFC008C0286 /* MFView.h */ = {isa = PBXFileReference; fileEncoding = 4; lastKnownFileType = sourcecode.c.h; path = MFView.h; sourceTree = "<group>"; };
		1CC8EEAB1AD13AFC008C0286 /* MFView.m */ = {isa = PBXFileReference; fileEncoding = 4; lastKnownFileType = sourcecode.c.objc; path = MFView.m; sourceTree = "<group>"; };
		1CC8EEAC1AD13AFC008C0286 /* MFVoiceLabel.h */ = {isa = PBXFileReference; fileEncoding = 4; lastKnownFileType = sourcecode.c.h; path = MFVoiceLabel.h; sourceTree = "<group>"; };
		1CC8EEAD1AD13AFC008C0286 /* MFVoiceLabel.m */ = {isa = PBXFileReference; fileEncoding = 4; lastKnownFileType = sourcecode.c.objc; path = MFVoiceLabel.m; sourceTree = "<group>"; };
		1CC8EEB21AD13AFC008C0286 /* ESCssParser.h */ = {isa = PBXFileReference; fileEncoding = 4; lastKnownFileType = sourcecode.c.h; path = ESCssParser.h; sourceTree = "<group>"; };
		1CC8EEB31AD13AFC008C0286 /* ESCssParser.m */ = {isa = PBXFileReference; fileEncoding = 4; lastKnownFileType = sourcecode.c.objc; path = ESCssParser.m; sourceTree = "<group>"; };
		1CC8EEB41AD13AFC008C0286 /* ESCssTokenizer.m */ = {isa = PBXFileReference; fileEncoding = 4; lastKnownFileType = sourcecode.c.objc; path = ESCssTokenizer.m; sourceTree = "<group>"; };
		1CC8EEB51AD13AFC008C0286 /* ESCssTokens.h */ = {isa = PBXFileReference; fileEncoding = 4; lastKnownFileType = sourcecode.c.h; path = ESCssTokens.h; sourceTree = "<group>"; };
		1CC8EEB61AD13AFC008C0286 /* ESCssTokens.m */ = {isa = PBXFileReference; fileEncoding = 4; lastKnownFileType = sourcecode.c.objc; path = ESCssTokens.m; sourceTree = "<group>"; };
		1CC8EEB81AD13AFC008C0286 /* HTMLNode.h */ = {isa = PBXFileReference; fileEncoding = 4; lastKnownFileType = sourcecode.c.h; path = HTMLNode.h; sourceTree = "<group>"; };
		1CC8EEB91AD13AFC008C0286 /* HTMLNode.m */ = {isa = PBXFileReference; fileEncoding = 4; lastKnownFileType = sourcecode.c.objc; path = HTMLNode.m; sourceTree = "<group>"; };
		1CC8EEBA1AD13AFC008C0286 /* HTMLParser.h */ = {isa = PBXFileReference; fileEncoding = 4; lastKnownFileType = sourcecode.c.h; path = HTMLParser.h; sourceTree = "<group>"; };
		1CC8EEBB1AD13AFC008C0286 /* HTMLParser.m */ = {isa = PBXFileReference; fileEncoding = 4; lastKnownFileType = sourcecode.c.objc; path = HTMLParser.m; sourceTree = "<group>"; };
		1CC8EED41AD13B5C008C0286 /* MFSDK.h */ = {isa = PBXFileReference; lastKnownFileType = sourcecode.c.h; name = MFSDK.h; path = MFSDKBase/MFSDK.h; sourceTree = SOURCE_ROOT; };
		1CC8EED51AD13CDA008C0286 /* MFCorePlugInService.h */ = {isa = PBXFileReference; fileEncoding = 4; lastKnownFileType = sourcecode.c.h; name = MFCorePlugInService.h; path = MFSDKBase/Class/PlugIn/MFCorePlugInService.h; sourceTree = SOURCE_ROOT; };
		1CC8EED61AD13CDA008C0286 /* MFCorePlugInService.m */ = {isa = PBXFileReference; fileEncoding = 4; lastKnownFileType = sourcecode.c.objc; name = MFCorePlugInService.m; path = MFSDKBase/Class/PlugIn/MFCorePlugInService.m; sourceTree = SOURCE_ROOT; };
		231BE44B1ACFC60000B65A58 /* MFSDKBase.app */ = {isa = PBXFileReference; explicitFileType = wrapper.application; includeInIndex = 0; path = MFSDKBase.app; sourceTree = BUILT_PRODUCTS_DIR; };
		231BE44F1ACFC60000B65A58 /* Info.plist */ = {isa = PBXFileReference; lastKnownFileType = text.plist.xml; path = Info.plist; sourceTree = "<group>"; };
		231BE4501ACFC60000B65A58 /* main.m */ = {isa = PBXFileReference; lastKnownFileType = sourcecode.c.objc; path = main.m; sourceTree = "<group>"; };
		231BE4521ACFC60000B65A58 /* AppDelegate.h */ = {isa = PBXFileReference; lastKnownFileType = sourcecode.c.h; path = AppDelegate.h; sourceTree = "<group>"; };
		231BE4531ACFC60000B65A58 /* AppDelegate.m */ = {isa = PBXFileReference; lastKnownFileType = sourcecode.c.objc; path = AppDelegate.m; sourceTree = "<group>"; };
		231BE4551ACFC60000B65A58 /* ViewController.h */ = {isa = PBXFileReference; lastKnownFileType = sourcecode.c.h; path = ViewController.h; sourceTree = "<group>"; };
		231BE4561ACFC60000B65A58 /* ViewController.m */ = {isa = PBXFileReference; lastKnownFileType = sourcecode.c.objc; path = ViewController.m; sourceTree = "<group>"; };
		231BE4591ACFC60000B65A58 /* Base */ = {isa = PBXFileReference; lastKnownFileType = file.storyboard; name = Base; path = Base.lproj/Main.storyboard; sourceTree = "<group>"; };
		231BE45B1ACFC60000B65A58 /* Images.xcassets */ = {isa = PBXFileReference; lastKnownFileType = folder.assetcatalog; path = Images.xcassets; sourceTree = "<group>"; };
		231BE45E1ACFC60000B65A58 /* Base */ = {isa = PBXFileReference; lastKnownFileType = file.xib; name = Base; path = Base.lproj/LaunchScreen.xib; sourceTree = "<group>"; };
		231BE4641ACFC60000B65A58 /* MFSDKBaseTests.xctest */ = {isa = PBXFileReference; explicitFileType = wrapper.cfbundle; includeInIndex = 0; path = MFSDKBaseTests.xctest; sourceTree = BUILT_PRODUCTS_DIR; };
		231BE4691ACFC60000B65A58 /* Info.plist */ = {isa = PBXFileReference; lastKnownFileType = text.plist.xml; path = Info.plist; sourceTree = "<group>"; };
		231BE46A1ACFC60000B65A58 /* MFSDKBaseTests.m */ = {isa = PBXFileReference; lastKnownFileType = sourcecode.c.objc; path = MFSDKBaseTests.m; sourceTree = "<group>"; };
		231BE4D71AD0377100B65A58 /* libxml2.2.dylib */ = {isa = PBXFileReference; lastKnownFileType = "compiled.mach-o.dylib"; name = libxml2.2.dylib; path = usr/lib/libxml2.2.dylib; sourceTree = SDKROOT; };
		231BE4E61AD142AB00B65A58 /* MFBridge.h */ = {isa = PBXFileReference; fileEncoding = 4; lastKnownFileType = sourcecode.c.h; path = MFBridge.h; sourceTree = "<group>"; };
		231BE4E71AD142AB00B65A58 /* MFBridge.m */ = {isa = PBXFileReference; fileEncoding = 4; lastKnownFileType = sourcecode.c.objc; path = MFBridge.m; sourceTree = "<group>"; };
		231BE4EC1AD39AEB00B65A58 /* wax.framework */ = {isa = PBXFileReference; lastKnownFileType = wrapper.framework; path = wax.framework; sourceTree = "<group>"; };
		23F384C71AD4260B002A8F32 /* MFDataBinding.h */ = {isa = PBXFileReference; fileEncoding = 4; lastKnownFileType = sourcecode.c.h; path = MFDataBinding.h; sourceTree = "<group>"; };
		23F384C81AD4260B002A8F32 /* MFDataBinding.m */ = {isa = PBXFileReference; fileEncoding = 4; lastKnownFileType = sourcecode.c.objc; path = MFDataBinding.m; sourceTree = "<group>"; };
		23F384E21AD4261B002A8F32 /* MFLayoutCenter.h */ = {isa = PBXFileReference; fileEncoding = 4; lastKnownFileType = sourcecode.c.h; path = MFLayoutCenter.h; sourceTree = "<group>"; };
		23F384E31AD4261B002A8F32 /* MFLayoutCenter.m */ = {isa = PBXFileReference; fileEncoding = 4; lastKnownFileType = sourcecode.c.objc; path = MFLayoutCenter.m; sourceTree = "<group>"; };
		23F384F11AD42630002A8F32 /* MFChatViewController.h */ = {isa = PBXFileReference; fileEncoding = 4; lastKnownFileType = sourcecode.c.h; path = MFChatViewController.h; sourceTree = "<group>"; };
		23F384F21AD42630002A8F32 /* MFChatViewController.m */ = {isa = PBXFileReference; fileEncoding = 4; lastKnownFileType = sourcecode.c.objc; path = MFChatViewController.m; sourceTree = "<group>"; };
		23F384F31AD42630002A8F32 /* MFViewController.h */ = {isa = PBXFileReference; fileEncoding = 4; lastKnownFileType = sourcecode.c.h; path = MFViewController.h; sourceTree = "<group>"; };
		23F384F41AD42630002A8F32 /* MFViewController.m */ = {isa = PBXFileReference; fileEncoding = 4; lastKnownFileType = sourcecode.c.objc; path = MFViewController.m; sourceTree = "<group>"; };
		23F384F81AD4263D002A8F32 /* MFDefine.h */ = {isa = PBXFileReference; fileEncoding = 4; lastKnownFileType = sourcecode.c.h; name = MFDefine.h; path = MFSDKBase/Class/Helper/MFDefine.h; sourceTree = SOURCE_ROOT; };
		23F384F91AD4263D002A8F32 /* MFHelper.h */ = {isa = PBXFileReference; fileEncoding = 4; lastKnownFileType = sourcecode.c.h; name = MFHelper.h; path = MFSDKBase/Class/Helper/MFHelper.h; sourceTree = SOURCE_ROOT; };
		23F384FA1AD4263D002A8F32 /* MFHelper.m */ = {isa = PBXFileReference; fileEncoding = 4; lastKnownFileType = sourcecode.c.objc; name = MFHelper.m; path = MFSDKBase/Class/Helper/MFHelper.m; sourceTree = SOURCE_ROOT; };
		23F384FB1AD4263D002A8F32 /* MFResourceCenter.h */ = {isa = PBXFileReference; fileEncoding = 4; lastKnownFileType = sourcecode.c.h; name = MFResourceCenter.h; path = MFSDKBase/Class/Helper/MFResourceCenter.h; sourceTree = SOURCE_ROOT; };
		23F384FC1AD4263D002A8F32 /* MFResourceCenter.m */ = {isa = PBXFileReference; fileEncoding = 4; lastKnownFileType = sourcecode.c.objc; name = MFResourceCenter.m; path = MFSDKBase/Class/Helper/MFResourceCenter.m; sourceTree = SOURCE_ROOT; };
		23F385011AD4263D002A8F32 /* MFStrategyCenter.h */ = {isa = PBXFileReference; fileEncoding = 4; lastKnownFileType = sourcecode.c.h; name = MFStrategyCenter.h; path = MFSDKBase/Class/Helper/MFStrategyCenter.h; sourceTree = SOURCE_ROOT; };
		23F385021AD4263D002A8F32 /* MFStrategyCenter.m */ = {isa = PBXFileReference; fileEncoding = 4; lastKnownFileType = sourcecode.c.objc; name = MFStrategyCenter.m; path = MFSDKBase/Class/Helper/MFStrategyCenter.m; sourceTree = SOURCE_ROOT; };
		23F385031AD4263D002A8F32 /* UIView+Sizes.h */ = {isa = PBXFileReference; fileEncoding = 4; lastKnownFileType = sourcecode.c.h; name = "UIView+Sizes.h"; path = "MFSDKBase/Class/Helper/UIView+Sizes.h"; sourceTree = SOURCE_ROOT; };
		23F385041AD4263D002A8F32 /* UIView+Sizes.m */ = {isa = PBXFileReference; fileEncoding = 4; lastKnownFileType = sourcecode.c.objc; name = "UIView+Sizes.m"; path = "MFSDKBase/Class/Helper/UIView+Sizes.m"; sourceTree = SOURCE_ROOT; };
		23F385051AD4263D002A8F32 /* UIView+UUID.h */ = {isa = PBXFileReference; fileEncoding = 4; lastKnownFileType = sourcecode.c.h; name = "UIView+UUID.h"; path = "MFSDKBase/Class/Helper/UIView+UUID.h"; sourceTree = SOURCE_ROOT; };
		23F385061AD4263D002A8F32 /* UIView+UUID.m */ = {isa = PBXFileReference; fileEncoding = 4; lastKnownFileType = sourcecode.c.objc; name = "UIView+UUID.m"; path = "MFSDKBase/Class/Helper/UIView+UUID.m"; sourceTree = SOURCE_ROOT; };
		23F3850E1AD4270D002A8F32 /* MFCell.h */ = {isa = PBXFileReference; fileEncoding = 4; lastKnownFileType = sourcecode.c.h; path = MFCell.h; sourceTree = "<group>"; };
		23F3850F1AD4270D002A8F32 /* MFCell.m */ = {isa = PBXFileReference; fileEncoding = 4; lastKnownFileType = sourcecode.c.objc; path = MFCell.m; sourceTree = "<group>"; };
		23F385111AD42934002A8F32 /* MFDispatchCenter.h */ = {isa = PBXFileReference; fileEncoding = 4; lastKnownFileType = sourcecode.c.h; path = MFDispatchCenter.h; sourceTree = "<group>"; };
		23F385121AD42934002A8F32 /* MFDispatchCenter.m */ = {isa = PBXFileReference; fileEncoding = 4; lastKnownFileType = sourcecode.c.objc; path = MFDispatchCenter.m; sourceTree = "<group>"; };
		23F3852D1AD42C68002A8F32 /* MFSDK.bundle */ = {isa = PBXFileReference; lastKnownFileType = "wrapper.plug-in"; path = MFSDK.bundle; sourceTree = "<group>"; };
		23F3852F1AD42D28002A8F32 /* AppDelegate.lua */ = {isa = PBXFileReference; fileEncoding = 4; lastKnownFileType = text; name = AppDelegate.lua; path = MFSDKBase/scripts/AppDelegate.lua; sourceTree = SOURCE_ROOT; };
		23F385301AD42D28002A8F32 /* Detail.css */ = {isa = PBXFileReference; fileEncoding = 4; lastKnownFileType = text.css; name = Detail.css; path = MFSDKBase/scripts/Detail.css; sourceTree = SOURCE_ROOT; };
		23F385311AD42D28002A8F32 /* Detail.dataBinding */ = {isa = PBXFileReference; fileEncoding = 4; lastKnownFileType = text; name = Detail.dataBinding; path = MFSDKBase/scripts/Detail.dataBinding; sourceTree = SOURCE_ROOT; };
		23F385321AD42D28002A8F32 /* Detail.html */ = {isa = PBXFileReference; fileEncoding = 4; lastKnownFileType = text.html; name = Detail.html; path = MFSDKBase/scripts/Detail.html; sourceTree = SOURCE_ROOT; };
		23F385331AD42D28002A8F32 /* Detail.lua */ = {isa = PBXFileReference; fileEncoding = 4; lastKnownFileType = text; name = Detail.lua; path = MFSDKBase/scripts/Detail.lua; sourceTree = SOURCE_ROOT; };
		23F385341AD42D28002A8F32 /* Detail.plist */ = {isa = PBXFileReference; fileEncoding = 4; lastKnownFileType = text.plist.xml; name = Detail.plist; path = MFSDKBase/scripts/Detail.plist; sourceTree = SOURCE_ROOT; };
		23F385351AD42D28002A8F32 /* Master.css */ = {isa = PBXFileReference; fileEncoding = 4; lastKnownFileType = text.css; name = Master.css; path = MFSDKBase/scripts/Master.css; sourceTree = SOURCE_ROOT; };
		23F385361AD42D28002A8F32 /* Master.dataBinding */ = {isa = PBXFileReference; fileEncoding = 4; lastKnownFileType = text; name = Master.dataBinding; path = MFSDKBase/scripts/Master.dataBinding; sourceTree = SOURCE_ROOT; };
		23F385371AD42D28002A8F32 /* Master.html */ = {isa = PBXFileReference; fileEncoding = 4; lastKnownFileType = text.html; name = Master.html; path = MFSDKBase/scripts/Master.html; sourceTree = SOURCE_ROOT; };
		23F385381AD42D28002A8F32 /* Master.lua */ = {isa = PBXFileReference; fileEncoding = 4; lastKnownFileType = text; name = Master.lua; path = MFSDKBase/scripts/Master.lua; sourceTree = SOURCE_ROOT; };
		23F385391AD42D28002A8F32 /* Master.plist */ = {isa = PBXFileReference; fileEncoding = 4; lastKnownFileType = text.plist.xml; name = Master.plist; path = MFSDKBase/scripts/Master.plist; sourceTree = SOURCE_ROOT; };
		23F3853A1AD42D28002A8F32 /* Master副本.css */ = {isa = PBXFileReference; fileEncoding = 4; lastKnownFileType = text.css; name = "Master副本.css"; path = "MFSDKBase/scripts/Master副本.css"; sourceTree = SOURCE_ROOT; };
/* End PBXFileReference section */

/* Begin PBXFrameworksBuildPhase section */
		231BE4481ACFC60000B65A58 /* Frameworks */ = {
			isa = PBXFrameworksBuildPhase;
			buildActionMask = 2147483647;
			files = (
				231BE4ED1AD39AEB00B65A58 /* wax.framework in Frameworks */,
				231BE4D81AD0377100B65A58 /* libxml2.2.dylib in Frameworks */,
			);
			runOnlyForDeploymentPostprocessing = 0;
		};
		231BE4611ACFC60000B65A58 /* Frameworks */ = {
			isa = PBXFrameworksBuildPhase;
			buildActionMask = 2147483647;
			files = (
			);
			runOnlyForDeploymentPostprocessing = 0;
		};
/* End PBXFrameworksBuildPhase section */

/* Begin PBXGroup section */
		1CC8EE7D1AD13AFC008C0286 /* App */ = {
			isa = PBXGroup;
			children = (
			);
			name = App;
			path = MFSDKBase/Class/App;
			sourceTree = SOURCE_ROOT;
		};
		1CC8EE7E1AD13AFC008C0286 /* Event */ = {
			isa = PBXGroup;
			children = (
				23F385111AD42934002A8F32 /* MFDispatchCenter.h */,
				23F385121AD42934002A8F32 /* MFDispatchCenter.m */,
				231BE4E61AD142AB00B65A58 /* MFBridge.h */,
				231BE4E71AD142AB00B65A58 /* MFBridge.m */,
			);
			name = Event;
			path = MFSDKBase/Class/Event;
			sourceTree = SOURCE_ROOT;
		};
		1CC8EE811AD13AFC008C0286 /* Helper */ = {
			isa = PBXGroup;
			children = (
				23F384F81AD4263D002A8F32 /* MFDefine.h */,
				23F384F91AD4263D002A8F32 /* MFHelper.h */,
				23F384FA1AD4263D002A8F32 /* MFHelper.m */,
				23F384FB1AD4263D002A8F32 /* MFResourceCenter.h */,
				23F384FC1AD4263D002A8F32 /* MFResourceCenter.m */,
				23F385011AD4263D002A8F32 /* MFStrategyCenter.h */,
				23F385021AD4263D002A8F32 /* MFStrategyCenter.m */,
				23F385031AD4263D002A8F32 /* UIView+Sizes.h */,
				23F385041AD4263D002A8F32 /* UIView+Sizes.m */,
				23F385051AD4263D002A8F32 /* UIView+UUID.h */,
				23F385061AD4263D002A8F32 /* UIView+UUID.m */,
			);
			name = Helper;
			path = MFSDKBase/Class/Helper;
			sourceTree = SOURCE_ROOT;
		};
		1CC8EE821AD13AFC008C0286 /* PlugIn */ = {
			isa = PBXGroup;
			children = (
				1CC8EE831AD13AFC008C0286 /* Core */,
				1CC8EE971AD13AFC008C0286 /* Extensions */,
			);
			name = PlugIn;
			path = MFSDKBase/Class/PlugIn;
			sourceTree = SOURCE_ROOT;
		};
		1CC8EE831AD13AFC008C0286 /* Core */ = {
			isa = PBXGroup;
			children = (
				1CC8EE871AD13AFC008C0286 /* MFPlugIn.h */,
				1CC8EE881AD13AFC008C0286 /* MFPlugIn.m */,
				1CC8EED51AD13CDA008C0286 /* MFCorePlugInService.h */,
				1CC8EED61AD13CDA008C0286 /* MFCorePlugInService.m */,
				1CC8EE981AD13AFC008C0286 /* MFCorePlugInFactory.h */,
				1CC8EE991AD13AFC008C0286 /* MFCorePlugInFactory.m */,
				1CC8EE841AD13AFC008C0286 /* Event */,
				1CC8EE891AD13AFC008C0286 /* Parser */,
				1CC8EE921AD13AFC008C0286 /* Script */,
			);
			path = Core;
			sourceTree = "<group>";
		};
		1CC8EE841AD13AFC008C0286 /* Event */ = {
			isa = PBXGroup;
			children = (
			);
			path = Event;
			sourceTree = "<group>";
		};
		1CC8EE891AD13AFC008C0286 /* Parser */ = {
			isa = PBXGroup;
			children = (
				1CC8EE8A1AD13AFC008C0286 /* MFCssParser.h */,
				1CC8EE8B1AD13AFC008C0286 /* MFCssParser.m */,
				1CC8EE8C1AD13AFC008C0286 /* MFHtmlParser.h */,
				1CC8EE8D1AD13AFC008C0286 /* MFHtmlParser.m */,
				1CC8EE8E1AD13AFC008C0286 /* MFParser.h */,
				1CC8EE8F1AD13AFC008C0286 /* MFParser.m */,
			);
			path = Parser;
			sourceTree = "<group>";
		};
		1CC8EE921AD13AFC008C0286 /* Script */ = {
			isa = PBXGroup;
			children = (
				1CC8EE931AD13AFC008C0286 /* MFLuaScript.h */,
				1CC8EE941AD13AFC008C0286 /* MFLuaScript.m */,
				1CC8EE951AD13AFC008C0286 /* MFScript.h */,
				1CC8EE961AD13AFC008C0286 /* MFScript.m */,
			);
			path = Script;
			sourceTree = "<group>";
		};
		1CC8EE971AD13AFC008C0286 /* Extensions */ = {
			isa = PBXGroup;
			children = (
			);
			path = Extensions;
			sourceTree = "<group>";
		};
		1CC8EE9A1AD13AFC008C0286 /* UI */ = {
			isa = PBXGroup;
			children = (
				1CC8EE9B1AD13AFC008C0286 /* MFUIFactory.h */,
				1CC8EE9C1AD13AFC008C0286 /* MFUIFactory.m */,
				1CC8EE9D1AD13AFC008C0286 /* Widget */,
			);
			name = UI;
			path = MFSDKBase/Class/UI;
			sourceTree = SOURCE_ROOT;
		};
		1CC8EE9D1AD13AFC008C0286 /* Widget */ = {
			isa = PBXGroup;
			children = (
				23F3850E1AD4270D002A8F32 /* MFCell.h */,
				23F3850F1AD4270D002A8F32 /* MFCell.m */,
				1CC8EE9E1AD13AFC008C0286 /* MFAudioLabel.h */,
				1CC8EE9F1AD13AFC008C0286 /* MFAudioLabel.m */,
				1CC8EEA01AD13AFC008C0286 /* MFButton.h */,
				1CC8EEA11AD13AFC008C0286 /* MFButton.m */,
				1CC8EEA21AD13AFC008C0286 /* MFEmojiView.h */,
				1CC8EEA31AD13AFC008C0286 /* MFEmojiView.m */,
				1CC8EEA41AD13AFC008C0286 /* MFImageView.h */,
				1CC8EEA51AD13AFC008C0286 /* MFImageView.m */,
				1CC8EEA61AD13AFC008C0286 /* MFLabel.h */,
				1CC8EEA71AD13AFC008C0286 /* MFLabel.m */,
				1CC8EEA81AD13AFC008C0286 /* MFRichLabel.h */,
				1CC8EEA91AD13AFC008C0286 /* MFRichLabel.m */,
				1CC8EEAA1AD13AFC008C0286 /* MFView.h */,
				1CC8EEAB1AD13AFC008C0286 /* MFView.m */,
				1CC8EEAC1AD13AFC008C0286 /* MFVoiceLabel.h */,
				1CC8EEAD1AD13AFC008C0286 /* MFVoiceLabel.m */,
			);
			path = Widget;
			sourceTree = "<group>";
		};
		1CC8EEAE1AD13AFC008C0286 /* Utils */ = {
			isa = PBXGroup;
			children = (
				1C36E1451AD432F7002E011E /* UIView+Events.h */,
				1C36E1461AD432F7002E011E /* UIView+Events.m */,
				1CC8EEAF1AD13AFC008C0286 /* third-party */,
			);
			name = Utils;
			path = MFSDKBase/Class/Utils;
			sourceTree = SOURCE_ROOT;
		};
		1CC8EEAF1AD13AFC008C0286 /* third-party */ = {
			isa = PBXGroup;
			children = (
				1CC8EEB01AD13AFC008C0286 /* ESCssParser */,
				1CC8EEB71AD13AFC008C0286 /* HTMLParser */,
			);
			path = "third-party";
			sourceTree = "<group>";
		};
		1CC8EEB01AD13AFC008C0286 /* ESCssParser */ = {
			isa = PBXGroup;
			children = (
				1CC8EEB11AD13AFC008C0286 /* Parser */,
			);
			path = ESCssParser;
			sourceTree = "<group>";
		};
		1CC8EEB11AD13AFC008C0286 /* Parser */ = {
			isa = PBXGroup;
			children = (
				1CC8EEB21AD13AFC008C0286 /* ESCssParser.h */,
				1CC8EEB31AD13AFC008C0286 /* ESCssParser.m */,
				1CC8EEB41AD13AFC008C0286 /* ESCssTokenizer.m */,
				1CC8EEB51AD13AFC008C0286 /* ESCssTokens.h */,
				1CC8EEB61AD13AFC008C0286 /* ESCssTokens.m */,
			);
			path = Parser;
			sourceTree = "<group>";
		};
		1CC8EEB71AD13AFC008C0286 /* HTMLParser */ = {
			isa = PBXGroup;
			children = (
				1CC8EEB81AD13AFC008C0286 /* HTMLNode.h */,
				1CC8EEB91AD13AFC008C0286 /* HTMLNode.m */,
				1CC8EEBA1AD13AFC008C0286 /* HTMLParser.h */,
				1CC8EEBB1AD13AFC008C0286 /* HTMLParser.m */,
			);
			path = HTMLParser;
			sourceTree = "<group>";
		};
		231BE4421ACFC60000B65A58 = {
			isa = PBXGroup;
			children = (
				23F385141AD42AE4002A8F32 /* demo */,
				231BE44D1ACFC60000B65A58 /* MFSDKBase */,
				231BE4671ACFC60000B65A58 /* MFSDKBaseTests */,
				231BE44C1ACFC60000B65A58 /* Products */,
			);
			sourceTree = "<group>";
		};
		231BE44C1ACFC60000B65A58 /* Products */ = {
			isa = PBXGroup;
			children = (
				231BE44B1ACFC60000B65A58 /* MFSDKBase.app */,
				231BE4641ACFC60000B65A58 /* MFSDKBaseTests.xctest */,
			);
			name = Products;
			sourceTree = "<group>";
		};
		231BE44D1ACFC60000B65A58 /* MFSDKBase */ = {
			isa = PBXGroup;
			children = (
				23F3852C1AD42C68002A8F32 /* Resource */,
				231BE4AC1AD003EB00B65A58 /* Frameworks */,
				231BE4521ACFC60000B65A58 /* AppDelegate.h */,
				231BE4531ACFC60000B65A58 /* AppDelegate.m */,
				231BE4551ACFC60000B65A58 /* ViewController.h */,
				231BE4561ACFC60000B65A58 /* ViewController.m */,
				231BE4581ACFC60000B65A58 /* Main.storyboard */,
				231BE45B1ACFC60000B65A58 /* Images.xcassets */,
				231BE45D1ACFC60000B65A58 /* LaunchScreen.xib */,
				231BE44E1ACFC60000B65A58 /* Supporting Files */,
			);
			path = MFSDKBase;
			sourceTree = "<group>";
		};
		231BE44E1ACFC60000B65A58 /* Supporting Files */ = {
			isa = PBXGroup;
			children = (
				231BE44F1ACFC60000B65A58 /* Info.plist */,
				231BE4501ACFC60000B65A58 /* main.m */,
			);
			name = "Supporting Files";
			sourceTree = "<group>";
		};
		231BE4671ACFC60000B65A58 /* MFSDKBaseTests */ = {
			isa = PBXGroup;
			children = (
				231BE46A1ACFC60000B65A58 /* MFSDKBaseTests.m */,
				231BE4681ACFC60000B65A58 /* Supporting Files */,
			);
			path = MFSDKBaseTests;
			sourceTree = "<group>";
		};
		231BE4681ACFC60000B65A58 /* Supporting Files */ = {
			isa = PBXGroup;
			children = (
				231BE4691ACFC60000B65A58 /* Info.plist */,
			);
			name = "Supporting Files";
			sourceTree = "<group>";
		};
		231BE4AC1AD003EB00B65A58 /* Frameworks */ = {
			isa = PBXGroup;
			children = (
				23F384F01AD42630002A8F32 /* ViewController */,
				23F384DF1AD4261B002A8F32 /* Layout */,
				23F384BD1AD4260B002A8F32 /* Actions */,
				23F384C61AD4260B002A8F32 /* DataBinding */,
				1CC8EED41AD13B5C008C0286 /* MFSDK.h */,
				1CC8EE7D1AD13AFC008C0286 /* App */,
				1CC8EE7E1AD13AFC008C0286 /* Event */,
				1CC8EE811AD13AFC008C0286 /* Helper */,
				1CC8EE821AD13AFC008C0286 /* PlugIn */,
				1CC8EE9A1AD13AFC008C0286 /* UI */,
				1CC8EEAE1AD13AFC008C0286 /* Utils */,
				231BE4EC1AD39AEB00B65A58 /* wax.framework */,
				231BE4D71AD0377100B65A58 /* libxml2.2.dylib */,
			);
			path = Frameworks;
			sourceTree = "<group>";
		};
		23F384BD1AD4260B002A8F32 /* Actions */ = {
			isa = PBXGroup;
			children = (
			);
			name = Actions;
			path = MFSDKBase/Class/Actions;
			sourceTree = SOURCE_ROOT;
		};
		23F384C61AD4260B002A8F32 /* DataBinding */ = {
			isa = PBXGroup;
			children = (
				23F384C71AD4260B002A8F32 /* MFDataBinding.h */,
				23F384C81AD4260B002A8F32 /* MFDataBinding.m */,
			);
			name = DataBinding;
			path = MFSDKBase/Class/DataBinding;
			sourceTree = SOURCE_ROOT;
		};
		23F384DF1AD4261B002A8F32 /* Layout */ = {
			isa = PBXGroup;
			children = (
				23F384E21AD4261B002A8F32 /* MFLayoutCenter.h */,
				23F384E31AD4261B002A8F32 /* MFLayoutCenter.m */,
			);
			name = Layout;
			path = MFSDKBase/Class/Layout;
			sourceTree = SOURCE_ROOT;
		};
		23F384F01AD42630002A8F32 /* ViewController */ = {
			isa = PBXGroup;
			children = (
				23F384F11AD42630002A8F32 /* MFChatViewController.h */,
				23F384F21AD42630002A8F32 /* MFChatViewController.m */,
				23F384F31AD42630002A8F32 /* MFViewController.h */,
				23F384F41AD42630002A8F32 /* MFViewController.m */,
			);
			name = ViewController;
			path = MFSDKBase/Class/ViewController;
			sourceTree = SOURCE_ROOT;
		};
		23F385141AD42AE4002A8F32 /* demo */ = {
			isa = PBXGroup;
			children = (
				23F385151AD42AE4002A8F32 /* scripts */,
			);
			path = demo;
			sourceTree = "<group>";
		};
		23F385151AD42AE4002A8F32 /* scripts */ = {
			isa = PBXGroup;
			children = (
				23F3852F1AD42D28002A8F32 /* AppDelegate.lua */,
				23F385301AD42D28002A8F32 /* Detail.css */,
				23F385311AD42D28002A8F32 /* Detail.dataBinding */,
				23F385321AD42D28002A8F32 /* Detail.html */,
				23F385331AD42D28002A8F32 /* Detail.lua */,
				23F385341AD42D28002A8F32 /* Detail.plist */,
				23F385351AD42D28002A8F32 /* Master.css */,
				23F385361AD42D28002A8F32 /* Master.dataBinding */,
				23F385371AD42D28002A8F32 /* Master.html */,
				23F385381AD42D28002A8F32 /* Master.lua */,
				23F385391AD42D28002A8F32 /* Master.plist */,
				23F3853A1AD42D28002A8F32 /* Master副本.css */,
			);
			path = scripts;
			sourceTree = "<group>";
		};
		23F3852C1AD42C68002A8F32 /* Resource */ = {
			isa = PBXGroup;
			children = (
				23F3852D1AD42C68002A8F32 /* MFSDK.bundle */,
			);
			path = Resource;
			sourceTree = "<group>";
		};
/* End PBXGroup section */

/* Begin PBXNativeTarget section */
		231BE44A1ACFC60000B65A58 /* MFSDKBase */ = {
			isa = PBXNativeTarget;
			buildConfigurationList = 231BE46E1ACFC60000B65A58 /* Build configuration list for PBXNativeTarget "MFSDKBase" */;
			buildPhases = (
				231BE4471ACFC60000B65A58 /* Sources */,
				231BE4481ACFC60000B65A58 /* Frameworks */,
				231BE4491ACFC60000B65A58 /* Resources */,
			);
			buildRules = (
			);
			dependencies = (
			);
			name = MFSDKBase;
			productName = MFSDKBase;
			productReference = 231BE44B1ACFC60000B65A58 /* MFSDKBase.app */;
			productType = "com.apple.product-type.application";
		};
		231BE4631ACFC60000B65A58 /* MFSDKBaseTests */ = {
			isa = PBXNativeTarget;
			buildConfigurationList = 231BE4711ACFC60000B65A58 /* Build configuration list for PBXNativeTarget "MFSDKBaseTests" */;
			buildPhases = (
				231BE4601ACFC60000B65A58 /* Sources */,
				231BE4611ACFC60000B65A58 /* Frameworks */,
				231BE4621ACFC60000B65A58 /* Resources */,
			);
			buildRules = (
			);
			dependencies = (
				231BE4661ACFC60000B65A58 /* PBXTargetDependency */,
			);
			name = MFSDKBaseTests;
			productName = MFSDKBaseTests;
			productReference = 231BE4641ACFC60000B65A58 /* MFSDKBaseTests.xctest */;
			productType = "com.apple.product-type.bundle.unit-test";
		};
/* End PBXNativeTarget section */

/* Begin PBXProject section */
		231BE4431ACFC60000B65A58 /* Project object */ = {
			isa = PBXProject;
			attributes = {
				LastUpgradeCheck = 0610;
				ORGANIZATIONNAME = alipay;
				TargetAttributes = {
					231BE44A1ACFC60000B65A58 = {
						CreatedOnToolsVersion = 6.1.1;
					};
					231BE4631ACFC60000B65A58 = {
						CreatedOnToolsVersion = 6.1.1;
						TestTargetID = 231BE44A1ACFC60000B65A58;
					};
				};
			};
			buildConfigurationList = 231BE4461ACFC60000B65A58 /* Build configuration list for PBXProject "MFSDKBase" */;
			compatibilityVersion = "Xcode 3.2";
			developmentRegion = English;
			hasScannedForEncodings = 0;
			knownRegions = (
				en,
				Base,
			);
			mainGroup = 231BE4421ACFC60000B65A58;
			productRefGroup = 231BE44C1ACFC60000B65A58 /* Products */;
			projectDirPath = "";
			projectRoot = "";
			targets = (
				231BE44A1ACFC60000B65A58 /* MFSDKBase */,
				231BE4631ACFC60000B65A58 /* MFSDKBaseTests */,
			);
		};
/* End PBXProject section */

/* Begin PBXResourcesBuildPhase section */
		231BE4491ACFC60000B65A58 /* Resources */ = {
			isa = PBXResourcesBuildPhase;
			buildActionMask = 2147483647;
			files = (
				23F3853C1AD42D28002A8F32 /* Detail.css in Resources */,
				23F3853E1AD42D28002A8F32 /* Detail.html in Resources */,
				23F385431AD42D28002A8F32 /* Master.html in Resources */,
				231BE45A1ACFC60000B65A58 /* Main.storyboard in Resources */,
				23F3853B1AD42D28002A8F32 /* AppDelegate.lua in Resources */,
				23F3852E1AD42C68002A8F32 /* MFSDK.bundle in Resources */,
				23F3853F1AD42D28002A8F32 /* Detail.lua in Resources */,
				231BE45F1ACFC60000B65A58 /* LaunchScreen.xib in Resources */,
				23F385401AD42D28002A8F32 /* Detail.plist in Resources */,
				23F385411AD42D28002A8F32 /* Master.css in Resources */,
				23F385461AD42D28002A8F32 /* Master副本.css in Resources */,
				23F385421AD42D28002A8F32 /* Master.dataBinding in Resources */,
				23F385451AD42D28002A8F32 /* Master.plist in Resources */,
				23F3853D1AD42D28002A8F32 /* Detail.dataBinding in Resources */,
				23F385441AD42D28002A8F32 /* Master.lua in Resources */,
				231BE45C1ACFC60000B65A58 /* Images.xcassets in Resources */,
			);
			runOnlyForDeploymentPostprocessing = 0;
		};
		231BE4621ACFC60000B65A58 /* Resources */ = {
			isa = PBXResourcesBuildPhase;
			buildActionMask = 2147483647;
			files = (
			);
			runOnlyForDeploymentPostprocessing = 0;
		};
/* End PBXResourcesBuildPhase section */

/* Begin PBXSourcesBuildPhase section */
		231BE4471ACFC60000B65A58 /* Sources */ = {
			isa = PBXSourcesBuildPhase;
			buildActionMask = 2147483647;
			files = (
				231BE4E81AD142AB00B65A58 /* MFBridge.m in Sources */,
				1CC8EED11AD13AFC008C0286 /* ESCssTokens.m in Sources */,
				23F384EE1AD4261B002A8F32 /* MFLayoutCenter.m in Sources */,
				1CC8EEC71AD13AFC008C0286 /* MFAudioLabel.m in Sources */,
				1CC8EECD1AD13AFC008C0286 /* MFView.m in Sources */,
				23F3850B1AD4263D002A8F32 /* MFStrategyCenter.m in Sources */,
				1CC8EEC41AD13AFC008C0286 /* MFScript.m in Sources */,
				231BE4571ACFC60000B65A58 /* ViewController.m in Sources */,
				23F384CD1AD4260B002A8F32 /* MFDataBinding.m in Sources */,
				1CC8EEC81AD13AFC008C0286 /* MFButton.m in Sources */,
				1CC8EECC1AD13AFC008C0286 /* MFRichLabel.m in Sources */,
				231BE4541ACFC60000B65A58 /* AppDelegate.m in Sources */,
				23F3850D1AD4263D002A8F32 /* UIView+UUID.m in Sources */,
				1C36E1471AD432F7002E011E /* UIView+Events.m in Sources */,
				1CC8EEC31AD13AFC008C0286 /* MFLuaScript.m in Sources */,
				23F385071AD4263D002A8F32 /* MFHelper.m in Sources */,
				1CC8EED21AD13AFC008C0286 /* HTMLNode.m in Sources */,
				23F384F61AD42630002A8F32 /* MFViewController.m in Sources */,
				23F384F51AD42630002A8F32 /* MFChatViewController.m in Sources */,
				1CC8EECB1AD13AFC008C0286 /* MFLabel.m in Sources */,
				1CC8EECF1AD13AFC008C0286 /* ESCssParser.m in Sources */,
				1CC8EED31AD13AFC008C0286 /* HTMLParser.m in Sources */,
				23F385081AD4263D002A8F32 /* MFResourceCenter.m in Sources */,
				1CC8EED71AD13CDA008C0286 /* MFCorePlugInService.m in Sources */,
				23F385131AD42934002A8F32 /* MFDispatchCenter.m in Sources */,
				1CC8EEC51AD13AFC008C0286 /* MFCorePlugInFactory.m in Sources */,
				1CC8EEC11AD13AFC008C0286 /* MFParser.m in Sources */,
				1CC8EEBE1AD13AFC008C0286 /* MFPlugIn.m in Sources */,
				1CC8EED01AD13AFC008C0286 /* ESCssTokenizer.m in Sources */,
				1CC8EECE1AD13AFC008C0286 /* MFVoiceLabel.m in Sources */,
				23F385101AD4270D002A8F32 /* MFCell.m in Sources */,
				1CC8EEBF1AD13AFC008C0286 /* MFCssParser.m in Sources */,
				1CC8EEC61AD13AFC008C0286 /* MFUIFactory.m in Sources */,
				23F3850C1AD4263D002A8F32 /* UIView+Sizes.m in Sources */,
				1CC8EEC91AD13AFC008C0286 /* MFEmojiView.m in Sources */,
				1CC8EECA1AD13AFC008C0286 /* MFImageView.m in Sources */,
				1CC8EEC01AD13AFC008C0286 /* MFHtmlParser.m in Sources */,
				231BE4511ACFC60000B65A58 /* main.m in Sources */,
			);
			runOnlyForDeploymentPostprocessing = 0;
		};
		231BE4601ACFC60000B65A58 /* Sources */ = {
			isa = PBXSourcesBuildPhase;
			buildActionMask = 2147483647;
			files = (
				231BE46B1ACFC60000B65A58 /* MFSDKBaseTests.m in Sources */,
			);
			runOnlyForDeploymentPostprocessing = 0;
		};
/* End PBXSourcesBuildPhase section */

/* Begin PBXTargetDependency section */
		231BE4661ACFC60000B65A58 /* PBXTargetDependency */ = {
			isa = PBXTargetDependency;
			target = 231BE44A1ACFC60000B65A58 /* MFSDKBase */;
			targetProxy = 231BE4651ACFC60000B65A58 /* PBXContainerItemProxy */;
		};
/* End PBXTargetDependency section */

/* Begin PBXVariantGroup section */
		231BE4581ACFC60000B65A58 /* Main.storyboard */ = {
			isa = PBXVariantGroup;
			children = (
				231BE4591ACFC60000B65A58 /* Base */,
			);
			name = Main.storyboard;
			sourceTree = "<group>";
		};
		231BE45D1ACFC60000B65A58 /* LaunchScreen.xib */ = {
			isa = PBXVariantGroup;
			children = (
				231BE45E1ACFC60000B65A58 /* Base */,
			);
			name = LaunchScreen.xib;
			sourceTree = "<group>";
		};
/* End PBXVariantGroup section */

/* Begin XCBuildConfiguration section */
		231BE46C1ACFC60000B65A58 /* Debug */ = {
			isa = XCBuildConfiguration;
			buildSettings = {
				ALWAYS_SEARCH_USER_PATHS = NO;
				CLANG_CXX_LANGUAGE_STANDARD = "gnu++0x";
				CLANG_CXX_LIBRARY = "libc++";
				CLANG_ENABLE_MODULES = YES;
				CLANG_ENABLE_OBJC_ARC = YES;
				CLANG_WARN_BOOL_CONVERSION = YES;
				CLANG_WARN_CONSTANT_CONVERSION = YES;
				CLANG_WARN_DIRECT_OBJC_ISA_USAGE = YES_ERROR;
				CLANG_WARN_EMPTY_BODY = YES;
				CLANG_WARN_ENUM_CONVERSION = YES;
				CLANG_WARN_INT_CONVERSION = YES;
				CLANG_WARN_OBJC_ROOT_CLASS = YES_ERROR;
				CLANG_WARN_UNREACHABLE_CODE = YES;
				CLANG_WARN__DUPLICATE_METHOD_MATCH = YES;
				"CODE_SIGN_IDENTITY[sdk=iphoneos*]" = "iPhone Developer";
				COPY_PHASE_STRIP = NO;
				ENABLE_STRICT_OBJC_MSGSEND = YES;
				GCC_C_LANGUAGE_STANDARD = gnu99;
				GCC_DYNAMIC_NO_PIC = NO;
				GCC_OPTIMIZATION_LEVEL = 0;
				GCC_PREPROCESSOR_DEFINITIONS = (
					"DEBUG=1",
					"$(inherited)",
				);
				GCC_SYMBOLS_PRIVATE_EXTERN = NO;
				GCC_WARN_64_TO_32_BIT_CONVERSION = YES;
				GCC_WARN_ABOUT_RETURN_TYPE = YES_ERROR;
				GCC_WARN_UNDECLARED_SELECTOR = YES;
				GCC_WARN_UNINITIALIZED_AUTOS = YES_AGGRESSIVE;
				GCC_WARN_UNUSED_FUNCTION = YES;
				GCC_WARN_UNUSED_VARIABLE = YES;
				IPHONEOS_DEPLOYMENT_TARGET = 8.1;
				MTL_ENABLE_DEBUG_INFO = YES;
				ONLY_ACTIVE_ARCH = YES;
				SDKROOT = iphoneos;
				TARGETED_DEVICE_FAMILY = "1,2";
			};
			name = Debug;
		};
		231BE46D1ACFC60000B65A58 /* Release */ = {
			isa = XCBuildConfiguration;
			buildSettings = {
				ALWAYS_SEARCH_USER_PATHS = NO;
				CLANG_CXX_LANGUAGE_STANDARD = "gnu++0x";
				CLANG_CXX_LIBRARY = "libc++";
				CLANG_ENABLE_MODULES = YES;
				CLANG_ENABLE_OBJC_ARC = YES;
				CLANG_WARN_BOOL_CONVERSION = YES;
				CLANG_WARN_CONSTANT_CONVERSION = YES;
				CLANG_WARN_DIRECT_OBJC_ISA_USAGE = YES_ERROR;
				CLANG_WARN_EMPTY_BODY = YES;
				CLANG_WARN_ENUM_CONVERSION = YES;
				CLANG_WARN_INT_CONVERSION = YES;
				CLANG_WARN_OBJC_ROOT_CLASS = YES_ERROR;
				CLANG_WARN_UNREACHABLE_CODE = YES;
				CLANG_WARN__DUPLICATE_METHOD_MATCH = YES;
				"CODE_SIGN_IDENTITY[sdk=iphoneos*]" = "iPhone Developer";
				COPY_PHASE_STRIP = YES;
				ENABLE_NS_ASSERTIONS = NO;
				ENABLE_STRICT_OBJC_MSGSEND = YES;
				GCC_C_LANGUAGE_STANDARD = gnu99;
				GCC_WARN_64_TO_32_BIT_CONVERSION = YES;
				GCC_WARN_ABOUT_RETURN_TYPE = YES_ERROR;
				GCC_WARN_UNDECLARED_SELECTOR = YES;
				GCC_WARN_UNINITIALIZED_AUTOS = YES_AGGRESSIVE;
				GCC_WARN_UNUSED_FUNCTION = YES;
				GCC_WARN_UNUSED_VARIABLE = YES;
				IPHONEOS_DEPLOYMENT_TARGET = 8.1;
				MTL_ENABLE_DEBUG_INFO = NO;
				SDKROOT = iphoneos;
				TARGETED_DEVICE_FAMILY = "1,2";
				VALIDATE_PRODUCT = YES;
			};
			name = Release;
		};
		231BE46F1ACFC60000B65A58 /* Debug */ = {
			isa = XCBuildConfiguration;
			buildSettings = {
				ARCHS = armv7;
				ASSETCATALOG_COMPILER_APPICON_NAME = AppIcon;
				FRAMEWORK_SEARCH_PATHS = (
					"$(inherited)",
					/Users/lichunrong/Work/MFSDKBase/MFSDKBase,
					"$(PROJECT_DIR)/MFSDKBase/Frameworks",
				);
				HEADER_SEARCH_PATHS = (
					"$(inherited)",
					/Applications/Xcode.app/Contents/Developer/Toolchains/XcodeDefault.xctoolchain/usr/include,
					/usr/include/libxml2,
				);
				INFOPLIST_FILE = MFSDKBase/Info.plist;
				LD_RUNPATH_SEARCH_PATHS = "$(inherited) @executable_path/Frameworks";
				PRODUCT_NAME = "$(TARGET_NAME)";
			};
			name = Debug;
		};
		231BE4701ACFC60000B65A58 /* Release */ = {
			isa = XCBuildConfiguration;
			buildSettings = {
				ARCHS = armv7;
				ASSETCATALOG_COMPILER_APPICON_NAME = AppIcon;
				FRAMEWORK_SEARCH_PATHS = (
					"$(inherited)",
					/Users/lichunrong/Work/MFSDKBase/MFSDKBase,
					"$(PROJECT_DIR)/MFSDKBase/Frameworks",
				);
				HEADER_SEARCH_PATHS = (
					"$(inherited)",
					/Applications/Xcode.app/Contents/Developer/Toolchains/XcodeDefault.xctoolchain/usr/include,
					/usr/include/libxml2,
				);
				INFOPLIST_FILE = MFSDKBase/Info.plist;
				LD_RUNPATH_SEARCH_PATHS = "$(inherited) @executable_path/Frameworks";
				PRODUCT_NAME = "$(TARGET_NAME)";
			};
			name = Release;
		};
		231BE4721ACFC60000B65A58 /* Debug */ = {
			isa = XCBuildConfiguration;
			buildSettings = {
				BUNDLE_LOADER = "$(TEST_HOST)";
				FRAMEWORK_SEARCH_PATHS = (
					"$(SDKROOT)/Developer/Library/Frameworks",
					"$(inherited)",
				);
				GCC_PREPROCESSOR_DEFINITIONS = (
					"DEBUG=1",
					"$(inherited)",
				);
				INFOPLIST_FILE = MFSDKBaseTests/Info.plist;
				LD_RUNPATH_SEARCH_PATHS = "$(inherited) @executable_path/Frameworks @loader_path/Frameworks";
				PRODUCT_NAME = "$(TARGET_NAME)";
				TEST_HOST = "$(BUILT_PRODUCTS_DIR)/MFSDKBase.app/MFSDKBase";
			};
			name = Debug;
		};
		231BE4731ACFC60000B65A58 /* Release */ = {
			isa = XCBuildConfiguration;
			buildSettings = {
				BUNDLE_LOADER = "$(TEST_HOST)";
				FRAMEWORK_SEARCH_PATHS = (
					"$(SDKROOT)/Developer/Library/Frameworks",
					"$(inherited)",
				);
				INFOPLIST_FILE = MFSDKBaseTests/Info.plist;
				LD_RUNPATH_SEARCH_PATHS = "$(inherited) @executable_path/Frameworks @loader_path/Frameworks";
				PRODUCT_NAME = "$(TARGET_NAME)";
				TEST_HOST = "$(BUILT_PRODUCTS_DIR)/MFSDKBase.app/MFSDKBase";
			};
			name = Release;
		};
/* End XCBuildConfiguration section */

/* Begin XCConfigurationList section */
		231BE4461ACFC60000B65A58 /* Build configuration list for PBXProject "MFSDKBase" */ = {
			isa = XCConfigurationList;
			buildConfigurations = (
				231BE46C1ACFC60000B65A58 /* Debug */,
				231BE46D1ACFC60000B65A58 /* Release */,
			);
			defaultConfigurationIsVisible = 0;
			defaultConfigurationName = Release;
		};
		231BE46E1ACFC60000B65A58 /* Build configuration list for PBXNativeTarget "MFSDKBase" */ = {
			isa = XCConfigurationList;
			buildConfigurations = (
				231BE46F1ACFC60000B65A58 /* Debug */,
				231BE4701ACFC60000B65A58 /* Release */,
			);
			defaultConfigurationIsVisible = 0;
			defaultConfigurationName = Release;
		};
		231BE4711ACFC60000B65A58 /* Build configuration list for PBXNativeTarget "MFSDKBaseTests" */ = {
			isa = XCConfigurationList;
			buildConfigurations = (
				231BE4721ACFC60000B65A58 /* Debug */,
				231BE4731ACFC60000B65A58 /* Release */,
			);
			defaultConfigurationIsVisible = 0;
			defaultConfigurationName = Release;
		};
/* End XCConfigurationList section */
	};
	rootObject = 231BE4431ACFC60000B65A58 /* Project object */;
}
