// !$*UTF8*$!
{
	archiveVersion = 1;
	classes = {
	};
	objectVersion = 46;
	objects = {

/* Begin PBXBuildFile section */
		1CE2F3771AD4D69500E27AA8 /* MFEventNode.m in Sources */ = {isa = PBXBuildFile; fileRef = 1CE2F3761AD4D69500E27AA8 /* MFEventNode.m */; };
		1CE2F37A1AD4D6A700E27AA8 /* MFDataNode.m in Sources */ = {isa = PBXBuildFile; fileRef = 1CE2F3791AD4D6A700E27AA8 /* MFDataNode.m */; };
		1CE2F37D1AD4D6BF00E27AA8 /* MFLayoutNode.m in Sources */ = {isa = PBXBuildFile; fileRef = 1CE2F37C1AD4D6BF00E27AA8 /* MFLayoutNode.m */; };
		1CE2F3801AD4D89000E27AA8 /* MFSceneCenter.m in Sources */ = {isa = PBXBuildFile; fileRef = 1CE2F37F1AD4D89000E27AA8 /* MFSceneCenter.m */; };
		1CE2F3841AD4D8C900E27AA8 /* MFSDKLauncher.m in Sources */ = {isa = PBXBuildFile; fileRef = 1CE2F3831AD4D8C900E27AA8 /* MFSDKLauncher.m */; };
		1CE2F3871AD4E3D600E27AA8 /* MFDOM.m in Sources */ = {isa = PBXBuildFile; fileRef = 1CE2F3861AD4E3D600E27AA8 /* MFDOM.m */; };
		1CE2F38A1AD518CD00E27AA8 /* MFScene.m in Sources */ = {isa = PBXBuildFile; fileRef = 1CE2F3891AD518CD00E27AA8 /* MFScene.m */; };
		231BE4511ACFC60000B65A58 /* main.m in Sources */ = {isa = PBXBuildFile; fileRef = 231BE4501ACFC60000B65A58 /* main.m */; };
		231BE4541ACFC60000B65A58 /* AppDelegate.m in Sources */ = {isa = PBXBuildFile; fileRef = 231BE4531ACFC60000B65A58 /* AppDelegate.m */; };
		231BE4571ACFC60000B65A58 /* ViewController.m in Sources */ = {isa = PBXBuildFile; fileRef = 231BE4561ACFC60000B65A58 /* ViewController.m */; };
		231BE45A1ACFC60000B65A58 /* Main.storyboard in Resources */ = {isa = PBXBuildFile; fileRef = 231BE4581ACFC60000B65A58 /* Main.storyboard */; };
		231BE45C1ACFC60000B65A58 /* Images.xcassets in Resources */ = {isa = PBXBuildFile; fileRef = 231BE45B1ACFC60000B65A58 /* Images.xcassets */; };
		231BE45F1ACFC60000B65A58 /* LaunchScreen.xib in Resources */ = {isa = PBXBuildFile; fileRef = 231BE45D1ACFC60000B65A58 /* LaunchScreen.xib */; };
		231BE46B1ACFC60000B65A58 /* MFSDKBaseTests.m in Sources */ = {isa = PBXBuildFile; fileRef = 231BE46A1ACFC60000B65A58 /* MFSDKBaseTests.m */; };
		231BE4D81AD0377100B65A58 /* libxml2.2.dylib in Frameworks */ = {isa = PBXBuildFile; fileRef = 231BE4D71AD0377100B65A58 /* libxml2.2.dylib */; };
		231BE4ED1AD39AEB00B65A58 /* wax.framework in Frameworks */ = {isa = PBXBuildFile; fileRef = 231BE4EC1AD39AEB00B65A58 /* wax.framework */; };
		23F3852E1AD42C68002A8F32 /* MFSDK.bundle in Resources */ = {isa = PBXBuildFile; fileRef = 23F3852D1AD42C68002A8F32 /* MFSDK.bundle */; };
		23F3853B1AD42D28002A8F32 /* AppDelegate.lua in Resources */ = {isa = PBXBuildFile; fileRef = 23F3852F1AD42D28002A8F32 /* AppDelegate.lua */; };
		23F3853C1AD42D28002A8F32 /* Detail.css in Resources */ = {isa = PBXBuildFile; fileRef = 23F385301AD42D28002A8F32 /* Detail.css */; };
		23F3853D1AD42D28002A8F32 /* Detail.dataBinding in Resources */ = {isa = PBXBuildFile; fileRef = 23F385311AD42D28002A8F32 /* Detail.dataBinding */; };
		23F3853E1AD42D28002A8F32 /* Detail.html in Resources */ = {isa = PBXBuildFile; fileRef = 23F385321AD42D28002A8F32 /* Detail.html */; };
		23F3853F1AD42D28002A8F32 /* Detail.lua in Resources */ = {isa = PBXBuildFile; fileRef = 23F385331AD42D28002A8F32 /* Detail.lua */; };
		23F385401AD42D28002A8F32 /* Detail.plist in Resources */ = {isa = PBXBuildFile; fileRef = 23F385341AD42D28002A8F32 /* Detail.plist */; };
		23F385411AD42D28002A8F32 /* Master.css in Resources */ = {isa = PBXBuildFile; fileRef = 23F385351AD42D28002A8F32 /* Master.css */; };
		23F385421AD42D28002A8F32 /* Master.dataBinding in Resources */ = {isa = PBXBuildFile; fileRef = 23F385361AD42D28002A8F32 /* Master.dataBinding */; };
		23F385431AD42D28002A8F32 /* Master.html in Resources */ = {isa = PBXBuildFile; fileRef = 23F385371AD42D28002A8F32 /* Master.html */; };
		23F385441AD42D28002A8F32 /* Master.lua in Resources */ = {isa = PBXBuildFile; fileRef = 23F385381AD42D28002A8F32 /* Master.lua */; };
		23F385451AD42D28002A8F32 /* Master.plist in Resources */ = {isa = PBXBuildFile; fileRef = 23F385391AD42D28002A8F32 /* Master.plist */; };
		23F385A41AD4C247002A8F32 /* MFBridge.m in Sources */ = {isa = PBXBuildFile; fileRef = 23F385521AD4C247002A8F32 /* MFBridge.m */; };
		23F385A51AD4C247002A8F32 /* MFDispatchCenter.m in Sources */ = {isa = PBXBuildFile; fileRef = 23F385541AD4C247002A8F32 /* MFDispatchCenter.m */; };
		23F385A61AD4C247002A8F32 /* MFHelper.m in Sources */ = {isa = PBXBuildFile; fileRef = 23F385581AD4C247002A8F32 /* MFHelper.m */; };
		23F385A71AD4C247002A8F32 /* MFResourceCenter.m in Sources */ = {isa = PBXBuildFile; fileRef = 23F3855A1AD4C247002A8F32 /* MFResourceCenter.m */; };
		23F385A81AD4C247002A8F32 /* MFStrategyCenter.m in Sources */ = {isa = PBXBuildFile; fileRef = 23F3855C1AD4C247002A8F32 /* MFStrategyCenter.m */; };
		23F385A91AD4C247002A8F32 /* UIView+Sizes.m in Sources */ = {isa = PBXBuildFile; fileRef = 23F3855E1AD4C247002A8F32 /* UIView+Sizes.m */; };
		23F385AA1AD4C247002A8F32 /* UIView+UUID.m in Sources */ = {isa = PBXBuildFile; fileRef = 23F385601AD4C247002A8F32 /* UIView+UUID.m */; };
		23F385AB1AD4C247002A8F32 /* MFLayoutCenter.m in Sources */ = {isa = PBXBuildFile; fileRef = 23F385631AD4C247002A8F32 /* MFLayoutCenter.m */; };
		23F385AC1AD4C247002A8F32 /* MFPlugIn.m in Sources */ = {isa = PBXBuildFile; fileRef = 23F385671AD4C247002A8F32 /* MFPlugIn.m */; };
		23F385AD1AD4C247002A8F32 /* MFCssParser.m in Sources */ = {isa = PBXBuildFile; fileRef = 23F3856A1AD4C247002A8F32 /* MFCssParser.m */; };
		23F385AE1AD4C247002A8F32 /* MFHtmlParser.m in Sources */ = {isa = PBXBuildFile; fileRef = 23F3856C1AD4C247002A8F32 /* MFHtmlParser.m */; };
		23F385AF1AD4C247002A8F32 /* MFParser.m in Sources */ = {isa = PBXBuildFile; fileRef = 23F3856E1AD4C247002A8F32 /* MFParser.m */; };
		23F385B01AD4C247002A8F32 /* MFLuaScript.m in Sources */ = {isa = PBXBuildFile; fileRef = 23F385711AD4C247002A8F32 /* MFLuaScript.m */; };
		23F385B11AD4C247002A8F32 /* MFScript.m in Sources */ = {isa = PBXBuildFile; fileRef = 23F385731AD4C247002A8F32 /* MFScript.m */; };
		23F385B21AD4C247002A8F32 /* MFCorePlugInFactory.m in Sources */ = {isa = PBXBuildFile; fileRef = 23F385751AD4C247002A8F32 /* MFCorePlugInFactory.m */; };
		23F385B31AD4C247002A8F32 /* MFCorePlugInService.m in Sources */ = {isa = PBXBuildFile; fileRef = 23F385771AD4C247002A8F32 /* MFCorePlugInService.m */; };
		23F385B41AD4C247002A8F32 /* MFSceneFactory.m in Sources */ = {isa = PBXBuildFile; fileRef = 23F3857A1AD4C247002A8F32 /* MFSceneFactory.m */; };
		23F385B51AD4C247002A8F32 /* UIView+Events.m in Sources */ = {isa = PBXBuildFile; fileRef = 23F3857C1AD4C247002A8F32 /* UIView+Events.m */; };
		23F385B61AD4C247002A8F32 /* MFAudioLabel.m in Sources */ = {isa = PBXBuildFile; fileRef = 23F3857F1AD4C247002A8F32 /* MFAudioLabel.m */; };
		23F385B71AD4C247002A8F32 /* MFButton.m in Sources */ = {isa = PBXBuildFile; fileRef = 23F385811AD4C247002A8F32 /* MFButton.m */; };
		23F385B81AD4C247002A8F32 /* MFCell.m in Sources */ = {isa = PBXBuildFile; fileRef = 23F385831AD4C247002A8F32 /* MFCell.m */; };
		23F385B91AD4C247002A8F32 /* MFEmojiView.m in Sources */ = {isa = PBXBuildFile; fileRef = 23F385851AD4C247002A8F32 /* MFEmojiView.m */; };
		23F385BA1AD4C247002A8F32 /* MFImageView.m in Sources */ = {isa = PBXBuildFile; fileRef = 23F385871AD4C247002A8F32 /* MFImageView.m */; };
		23F385BB1AD4C247002A8F32 /* MFLabel.m in Sources */ = {isa = PBXBuildFile; fileRef = 23F385891AD4C247002A8F32 /* MFLabel.m */; };
		23F385BC1AD4C247002A8F32 /* MFRichLabel.m in Sources */ = {isa = PBXBuildFile; fileRef = 23F3858B1AD4C247002A8F32 /* MFRichLabel.m */; };
		23F385BD1AD4C247002A8F32 /* MFView.m in Sources */ = {isa = PBXBuildFile; fileRef = 23F3858D1AD4C247002A8F32 /* MFView.m */; };
		23F385BE1AD4C247002A8F32 /* MFVoiceLabel.m in Sources */ = {isa = PBXBuildFile; fileRef = 23F3858F1AD4C247002A8F32 /* MFVoiceLabel.m */; };
		23F385BF1AD4C247002A8F32 /* ESCssParser.m in Sources */ = {isa = PBXBuildFile; fileRef = 23F385951AD4C247002A8F32 /* ESCssParser.m */; };
		23F385C01AD4C247002A8F32 /* ESCssTokenizer.m in Sources */ = {isa = PBXBuildFile; fileRef = 23F385961AD4C247002A8F32 /* ESCssTokenizer.m */; };
		23F385C11AD4C247002A8F32 /* ESCssTokens.m in Sources */ = {isa = PBXBuildFile; fileRef = 23F385981AD4C247002A8F32 /* ESCssTokens.m */; };
		23F385C21AD4C247002A8F32 /* HTMLNode.m in Sources */ = {isa = PBXBuildFile; fileRef = 23F3859B1AD4C247002A8F32 /* HTMLNode.m */; settings = {COMPILER_FLAGS = "-fno-objc-arc"; }; };
		23F385C31AD4C247002A8F32 /* HTMLParser.m in Sources */ = {isa = PBXBuildFile; fileRef = 23F3859D1AD4C247002A8F32 /* HTMLParser.m */; settings = {COMPILER_FLAGS = "-fno-objc-arc"; }; };
		23F385C41AD4C247002A8F32 /* UIView+Events.m in Sources */ = {isa = PBXBuildFile; fileRef = 23F3859F1AD4C247002A8F32 /* UIView+Events.m */; };
		23F385C51AD4C247002A8F32 /* MFViewController.m in Sources */ = {isa = PBXBuildFile; fileRef = 23F385A21AD4C247002A8F32 /* MFViewController.m */; };
/* End PBXBuildFile section */

/* Begin PBXContainerItemProxy section */
		231BE4651ACFC60000B65A58 /* PBXContainerItemProxy */ = {
			isa = PBXContainerItemProxy;
			containerPortal = 231BE4431ACFC60000B65A58 /* Project object */;
			proxyType = 1;
			remoteGlobalIDString = 231BE44A1ACFC60000B65A58;
			remoteInfo = MFSDKBase;
		};
/* End PBXContainerItemProxy section */

/* Begin PBXFileReference section */
		1CC8EED41AD13B5C008C0286 /* MFSDK.h */ = {isa = PBXFileReference; lastKnownFileType = sourcecode.c.h; name = MFSDK.h; path = MFSDKBase/MFSDK.h; sourceTree = SOURCE_ROOT; };
		1CE2F3751AD4D69500E27AA8 /* MFEventNode.h */ = {isa = PBXFileReference; fileEncoding = 4; lastKnownFileType = sourcecode.c.h; path = MFEventNode.h; sourceTree = "<group>"; };
		1CE2F3761AD4D69500E27AA8 /* MFEventNode.m */ = {isa = PBXFileReference; fileEncoding = 4; lastKnownFileType = sourcecode.c.objc; path = MFEventNode.m; sourceTree = "<group>"; };
		1CE2F3781AD4D6A700E27AA8 /* MFDataNode.h */ = {isa = PBXFileReference; fileEncoding = 4; lastKnownFileType = sourcecode.c.h; path = MFDataNode.h; sourceTree = "<group>"; };
		1CE2F3791AD4D6A700E27AA8 /* MFDataNode.m */ = {isa = PBXFileReference; fileEncoding = 4; lastKnownFileType = sourcecode.c.objc; path = MFDataNode.m; sourceTree = "<group>"; };
		1CE2F37B1AD4D6BF00E27AA8 /* MFLayoutNode.h */ = {isa = PBXFileReference; fileEncoding = 4; lastKnownFileType = sourcecode.c.h; path = MFLayoutNode.h; sourceTree = "<group>"; };
		1CE2F37C1AD4D6BF00E27AA8 /* MFLayoutNode.m */ = {isa = PBXFileReference; fileEncoding = 4; lastKnownFileType = sourcecode.c.objc; path = MFLayoutNode.m; sourceTree = "<group>"; };
		1CE2F37E1AD4D89000E27AA8 /* MFSceneCenter.h */ = {isa = PBXFileReference; fileEncoding = 4; lastKnownFileType = sourcecode.c.h; path = MFSceneCenter.h; sourceTree = "<group>"; };
		1CE2F37F1AD4D89000E27AA8 /* MFSceneCenter.m */ = {isa = PBXFileReference; fileEncoding = 4; lastKnownFileType = sourcecode.c.objc; path = MFSceneCenter.m; sourceTree = "<group>"; };
		1CE2F3821AD4D8C900E27AA8 /* MFSDKLauncher.h */ = {isa = PBXFileReference; fileEncoding = 4; lastKnownFileType = sourcecode.c.h; path = MFSDKLauncher.h; sourceTree = "<group>"; };
		1CE2F3831AD4D8C900E27AA8 /* MFSDKLauncher.m */ = {isa = PBXFileReference; fileEncoding = 4; lastKnownFileType = sourcecode.c.objc; path = MFSDKLauncher.m; sourceTree = "<group>"; };
		1CE2F3851AD4E3D600E27AA8 /* MFDOM.h */ = {isa = PBXFileReference; fileEncoding = 4; lastKnownFileType = sourcecode.c.h; path = MFDOM.h; sourceTree = "<group>"; };
		1CE2F3861AD4E3D600E27AA8 /* MFDOM.m */ = {isa = PBXFileReference; fileEncoding = 4; lastKnownFileType = sourcecode.c.objc; path = MFDOM.m; sourceTree = "<group>"; };
		1CE2F3881AD518CD00E27AA8 /* MFScene.h */ = {isa = PBXFileReference; fileEncoding = 4; lastKnownFileType = sourcecode.c.h; path = MFScene.h; sourceTree = "<group>"; };
		1CE2F3891AD518CD00E27AA8 /* MFScene.m */ = {isa = PBXFileReference; fileEncoding = 4; lastKnownFileType = sourcecode.c.objc; path = MFScene.m; sourceTree = "<group>"; };
		231BE44B1ACFC60000B65A58 /* MFSDKBase.app */ = {isa = PBXFileReference; explicitFileType = wrapper.application; includeInIndex = 0; path = MFSDKBase.app; sourceTree = BUILT_PRODUCTS_DIR; };
		231BE44F1ACFC60000B65A58 /* Info.plist */ = {isa = PBXFileReference; lastKnownFileType = text.plist.xml; path = Info.plist; sourceTree = "<group>"; };
		231BE4501ACFC60000B65A58 /* main.m */ = {isa = PBXFileReference; lastKnownFileType = sourcecode.c.objc; path = main.m; sourceTree = "<group>"; };
		231BE4521ACFC60000B65A58 /* AppDelegate.h */ = {isa = PBXFileReference; lastKnownFileType = sourcecode.c.h; path = AppDelegate.h; sourceTree = "<group>"; };
		231BE4531ACFC60000B65A58 /* AppDelegate.m */ = {isa = PBXFileReference; lastKnownFileType = sourcecode.c.objc; path = AppDelegate.m; sourceTree = "<group>"; };
		231BE4551ACFC60000B65A58 /* ViewController.h */ = {isa = PBXFileReference; lastKnownFileType = sourcecode.c.h; path = ViewController.h; sourceTree = "<group>"; };
		231BE4561ACFC60000B65A58 /* ViewController.m */ = {isa = PBXFileReference; lastKnownFileType = sourcecode.c.objc; path = ViewController.m; sourceTree = "<group>"; };
		231BE4591ACFC60000B65A58 /* Base */ = {isa = PBXFileReference; lastKnownFileType = file.storyboard; name = Base; path = Base.lproj/Main.storyboard; sourceTree = "<group>"; };
		231BE45B1ACFC60000B65A58 /* Images.xcassets */ = {isa = PBXFileReference; lastKnownFileType = folder.assetcatalog; path = Images.xcassets; sourceTree = "<group>"; };
		231BE45E1ACFC60000B65A58 /* Base */ = {isa = PBXFileReference; lastKnownFileType = file.xib; name = Base; path = Base.lproj/LaunchScreen.xib; sourceTree = "<group>"; };
		231BE4641ACFC60000B65A58 /* MFSDKBaseTests.xctest */ = {isa = PBXFileReference; explicitFileType = wrapper.cfbundle; includeInIndex = 0; path = MFSDKBaseTests.xctest; sourceTree = BUILT_PRODUCTS_DIR; };
		231BE4691ACFC60000B65A58 /* Info.plist */ = {isa = PBXFileReference; lastKnownFileType = text.plist.xml; path = Info.plist; sourceTree = "<group>"; };
		231BE46A1ACFC60000B65A58 /* MFSDKBaseTests.m */ = {isa = PBXFileReference; lastKnownFileType = sourcecode.c.objc; path = MFSDKBaseTests.m; sourceTree = "<group>"; };
		231BE4D71AD0377100B65A58 /* libxml2.2.dylib */ = {isa = PBXFileReference; lastKnownFileType = "compiled.mach-o.dylib"; name = libxml2.2.dylib; path = usr/lib/libxml2.2.dylib; sourceTree = SDKROOT; };
		231BE4EC1AD39AEB00B65A58 /* wax.framework */ = {isa = PBXFileReference; lastKnownFileType = wrapper.framework; path = wax.framework; sourceTree = "<group>"; };
		23F3852D1AD42C68002A8F32 /* MFSDK.bundle */ = {isa = PBXFileReference; lastKnownFileType = "wrapper.plug-in"; path = MFSDK.bundle; sourceTree = "<group>"; };
		23F3852F1AD42D28002A8F32 /* AppDelegate.lua */ = {isa = PBXFileReference; fileEncoding = 4; lastKnownFileType = text; name = AppDelegate.lua; path = MFSDKBase/scripts/AppDelegate.lua; sourceTree = SOURCE_ROOT; };
		23F385301AD42D28002A8F32 /* Detail.css */ = {isa = PBXFileReference; fileEncoding = 4; lastKnownFileType = text.css; name = Detail.css; path = MFSDKBase/scripts/Detail.css; sourceTree = SOURCE_ROOT; };
		23F385311AD42D28002A8F32 /* Detail.dataBinding */ = {isa = PBXFileReference; fileEncoding = 4; lastKnownFileType = text; name = Detail.dataBinding; path = MFSDKBase/scripts/Detail.dataBinding; sourceTree = SOURCE_ROOT; };
		23F385321AD42D28002A8F32 /* Detail.html */ = {isa = PBXFileReference; fileEncoding = 4; lastKnownFileType = text.html; name = Detail.html; path = MFSDKBase/scripts/Detail.html; sourceTree = SOURCE_ROOT; };
		23F385331AD42D28002A8F32 /* Detail.lua */ = {isa = PBXFileReference; fileEncoding = 4; lastKnownFileType = text; name = Detail.lua; path = MFSDKBase/scripts/Detail.lua; sourceTree = SOURCE_ROOT; };
		23F385341AD42D28002A8F32 /* Detail.plist */ = {isa = PBXFileReference; fileEncoding = 4; lastKnownFileType = text.plist.xml; name = Detail.plist; path = MFSDKBase/scripts/Detail.plist; sourceTree = SOURCE_ROOT; };
		23F385351AD42D28002A8F32 /* Master.css */ = {isa = PBXFileReference; fileEncoding = 4; lastKnownFileType = text.css; name = Master.css; path = MFSDKBase/scripts/Master.css; sourceTree = SOURCE_ROOT; };
		23F385361AD42D28002A8F32 /* Master.dataBinding */ = {isa = PBXFileReference; fileEncoding = 4; lastKnownFileType = text; name = Master.dataBinding; path = MFSDKBase/scripts/Master.dataBinding; sourceTree = SOURCE_ROOT; };
		23F385371AD42D28002A8F32 /* Master.html */ = {isa = PBXFileReference; fileEncoding = 4; lastKnownFileType = text.html; name = Master.html; path = MFSDKBase/scripts/Master.html; sourceTree = SOURCE_ROOT; };
		23F385381AD42D28002A8F32 /* Master.lua */ = {isa = PBXFileReference; fileEncoding = 4; lastKnownFileType = text; name = Master.lua; path = MFSDKBase/scripts/Master.lua; sourceTree = SOURCE_ROOT; };
		23F385391AD42D28002A8F32 /* Master.plist */ = {isa = PBXFileReference; fileEncoding = 4; lastKnownFileType = text.plist.xml; name = Master.plist; path = MFSDKBase/scripts/Master.plist; sourceTree = SOURCE_ROOT; };
		23F385511AD4C247002A8F32 /* MFBridge.h */ = {isa = PBXFileReference; fileEncoding = 4; lastKnownFileType = sourcecode.c.h; path = MFBridge.h; sourceTree = "<group>"; };
		23F385521AD4C247002A8F32 /* MFBridge.m */ = {isa = PBXFileReference; fileEncoding = 4; lastKnownFileType = sourcecode.c.objc; path = MFBridge.m; sourceTree = "<group>"; };
		23F385531AD4C247002A8F32 /* MFDispatchCenter.h */ = {isa = PBXFileReference; fileEncoding = 4; lastKnownFileType = sourcecode.c.h; path = MFDispatchCenter.h; sourceTree = "<group>"; };
		23F385541AD4C247002A8F32 /* MFDispatchCenter.m */ = {isa = PBXFileReference; fileEncoding = 4; lastKnownFileType = sourcecode.c.objc; path = MFDispatchCenter.m; sourceTree = "<group>"; };
		23F385561AD4C247002A8F32 /* MFDefine.h */ = {isa = PBXFileReference; fileEncoding = 4; lastKnownFileType = sourcecode.c.h; path = MFDefine.h; sourceTree = "<group>"; };
		23F385571AD4C247002A8F32 /* MFHelper.h */ = {isa = PBXFileReference; fileEncoding = 4; lastKnownFileType = sourcecode.c.h; path = MFHelper.h; sourceTree = "<group>"; };
		23F385581AD4C247002A8F32 /* MFHelper.m */ = {isa = PBXFileReference; fileEncoding = 4; lastKnownFileType = sourcecode.c.objc; path = MFHelper.m; sourceTree = "<group>"; };
		23F385591AD4C247002A8F32 /* MFResourceCenter.h */ = {isa = PBXFileReference; fileEncoding = 4; lastKnownFileType = sourcecode.c.h; path = MFResourceCenter.h; sourceTree = "<group>"; };
		23F3855A1AD4C247002A8F32 /* MFResourceCenter.m */ = {isa = PBXFileReference; fileEncoding = 4; lastKnownFileType = sourcecode.c.objc; path = MFResourceCenter.m; sourceTree = "<group>"; };
		23F3855B1AD4C247002A8F32 /* MFStrategyCenter.h */ = {isa = PBXFileReference; fileEncoding = 4; lastKnownFileType = sourcecode.c.h; path = MFStrategyCenter.h; sourceTree = "<group>"; };
		23F3855C1AD4C247002A8F32 /* MFStrategyCenter.m */ = {isa = PBXFileReference; fileEncoding = 4; lastKnownFileType = sourcecode.c.objc; path = MFStrategyCenter.m; sourceTree = "<group>"; };
		23F3855D1AD4C247002A8F32 /* UIView+Sizes.h */ = {isa = PBXFileReference; fileEncoding = 4; lastKnownFileType = sourcecode.c.h; path = "UIView+Sizes.h"; sourceTree = "<group>"; };
		23F3855E1AD4C247002A8F32 /* UIView+Sizes.m */ = {isa = PBXFileReference; fileEncoding = 4; lastKnownFileType = sourcecode.c.objc; path = "UIView+Sizes.m"; sourceTree = "<group>"; };
		23F3855F1AD4C247002A8F32 /* UIView+UUID.h */ = {isa = PBXFileReference; fileEncoding = 4; lastKnownFileType = sourcecode.c.h; path = "UIView+UUID.h"; sourceTree = "<group>"; };
		23F385601AD4C247002A8F32 /* UIView+UUID.m */ = {isa = PBXFileReference; fileEncoding = 4; lastKnownFileType = sourcecode.c.objc; path = "UIView+UUID.m"; sourceTree = "<group>"; };
		23F385621AD4C247002A8F32 /* MFLayoutCenter.h */ = {isa = PBXFileReference; fileEncoding = 4; lastKnownFileType = sourcecode.c.h; path = MFLayoutCenter.h; sourceTree = "<group>"; };
		23F385631AD4C247002A8F32 /* MFLayoutCenter.m */ = {isa = PBXFileReference; fileEncoding = 4; lastKnownFileType = sourcecode.c.objc; path = MFLayoutCenter.m; sourceTree = "<group>"; };
		23F385661AD4C247002A8F32 /* MFPlugIn.h */ = {isa = PBXFileReference; fileEncoding = 4; lastKnownFileType = sourcecode.c.h; path = MFPlugIn.h; sourceTree = "<group>"; };
		23F385671AD4C247002A8F32 /* MFPlugIn.m */ = {isa = PBXFileReference; fileEncoding = 4; lastKnownFileType = sourcecode.c.objc; path = MFPlugIn.m; sourceTree = "<group>"; };
		23F385691AD4C247002A8F32 /* MFCssParser.h */ = {isa = PBXFileReference; fileEncoding = 4; lastKnownFileType = sourcecode.c.h; path = MFCssParser.h; sourceTree = "<group>"; };
		23F3856A1AD4C247002A8F32 /* MFCssParser.m */ = {isa = PBXFileReference; fileEncoding = 4; lastKnownFileType = sourcecode.c.objc; path = MFCssParser.m; sourceTree = "<group>"; };
		23F3856B1AD4C247002A8F32 /* MFHtmlParser.h */ = {isa = PBXFileReference; fileEncoding = 4; lastKnownFileType = sourcecode.c.h; path = MFHtmlParser.h; sourceTree = "<group>"; };
		23F3856C1AD4C247002A8F32 /* MFHtmlParser.m */ = {isa = PBXFileReference; fileEncoding = 4; lastKnownFileType = sourcecode.c.objc; path = MFHtmlParser.m; sourceTree = "<group>"; };
		23F3856D1AD4C247002A8F32 /* MFParser.h */ = {isa = PBXFileReference; fileEncoding = 4; lastKnownFileType = sourcecode.c.h; path = MFParser.h; sourceTree = "<group>"; };
		23F3856E1AD4C247002A8F32 /* MFParser.m */ = {isa = PBXFileReference; fileEncoding = 4; lastKnownFileType = sourcecode.c.objc; path = MFParser.m; sourceTree = "<group>"; };
		23F385701AD4C247002A8F32 /* MFLuaScript.h */ = {isa = PBXFileReference; fileEncoding = 4; lastKnownFileType = sourcecode.c.h; path = MFLuaScript.h; sourceTree = "<group>"; };
		23F385711AD4C247002A8F32 /* MFLuaScript.m */ = {isa = PBXFileReference; fileEncoding = 4; lastKnownFileType = sourcecode.c.objc; path = MFLuaScript.m; sourceTree = "<group>"; };
		23F385721AD4C247002A8F32 /* MFScript.h */ = {isa = PBXFileReference; fileEncoding = 4; lastKnownFileType = sourcecode.c.h; path = MFScript.h; sourceTree = "<group>"; };
		23F385731AD4C247002A8F32 /* MFScript.m */ = {isa = PBXFileReference; fileEncoding = 4; lastKnownFileType = sourcecode.c.objc; path = MFScript.m; sourceTree = "<group>"; };
		23F385741AD4C247002A8F32 /* MFCorePlugInFactory.h */ = {isa = PBXFileReference; fileEncoding = 4; lastKnownFileType = sourcecode.c.h; path = MFCorePlugInFactory.h; sourceTree = "<group>"; };
		23F385751AD4C247002A8F32 /* MFCorePlugInFactory.m */ = {isa = PBXFileReference; fileEncoding = 4; lastKnownFileType = sourcecode.c.objc; path = MFCorePlugInFactory.m; sourceTree = "<group>"; };
		23F385761AD4C247002A8F32 /* MFCorePlugInService.h */ = {isa = PBXFileReference; fileEncoding = 4; lastKnownFileType = sourcecode.c.h; path = MFCorePlugInService.h; sourceTree = "<group>"; };
		23F385771AD4C247002A8F32 /* MFCorePlugInService.m */ = {isa = PBXFileReference; fileEncoding = 4; lastKnownFileType = sourcecode.c.objc; path = MFCorePlugInService.m; sourceTree = "<group>"; };
		23F385791AD4C247002A8F32 /* MFSceneFactory.h */ = {isa = PBXFileReference; fileEncoding = 4; lastKnownFileType = sourcecode.c.h; path = MFSceneFactory.h; sourceTree = "<group>"; };
		23F3857A1AD4C247002A8F32 /* MFSceneFactory.m */ = {isa = PBXFileReference; fileEncoding = 4; lastKnownFileType = sourcecode.c.objc; path = MFSceneFactory.m; sourceTree = "<group>"; };
		23F3857B1AD4C247002A8F32 /* UIView+Events.h */ = {isa = PBXFileReference; fileEncoding = 4; lastKnownFileType = sourcecode.c.h; path = "UIView+Events.h"; sourceTree = "<group>"; };
		23F3857C1AD4C247002A8F32 /* UIView+Events.m */ = {isa = PBXFileReference; fileEncoding = 4; lastKnownFileType = sourcecode.c.objc; path = "UIView+Events.m"; sourceTree = "<group>"; };
		23F3857E1AD4C247002A8F32 /* MFAudioLabel.h */ = {isa = PBXFileReference; fileEncoding = 4; lastKnownFileType = sourcecode.c.h; path = MFAudioLabel.h; sourceTree = "<group>"; };
		23F3857F1AD4C247002A8F32 /* MFAudioLabel.m */ = {isa = PBXFileReference; fileEncoding = 4; lastKnownFileType = sourcecode.c.objc; path = MFAudioLabel.m; sourceTree = "<group>"; };
		23F385801AD4C247002A8F32 /* MFButton.h */ = {isa = PBXFileReference; fileEncoding = 4; lastKnownFileType = sourcecode.c.h; path = MFButton.h; sourceTree = "<group>"; };
		23F385811AD4C247002A8F32 /* MFButton.m */ = {isa = PBXFileReference; fileEncoding = 4; lastKnownFileType = sourcecode.c.objc; path = MFButton.m; sourceTree = "<group>"; };
		23F385821AD4C247002A8F32 /* MFCell.h */ = {isa = PBXFileReference; fileEncoding = 4; lastKnownFileType = sourcecode.c.h; path = MFCell.h; sourceTree = "<group>"; };
		23F385831AD4C247002A8F32 /* MFCell.m */ = {isa = PBXFileReference; fileEncoding = 4; lastKnownFileType = sourcecode.c.objc; path = MFCell.m; sourceTree = "<group>"; };
		23F385841AD4C247002A8F32 /* MFEmojiView.h */ = {isa = PBXFileReference; fileEncoding = 4; lastKnownFileType = sourcecode.c.h; path = MFEmojiView.h; sourceTree = "<group>"; };
		23F385851AD4C247002A8F32 /* MFEmojiView.m */ = {isa = PBXFileReference; fileEncoding = 4; lastKnownFileType = sourcecode.c.objc; path = MFEmojiView.m; sourceTree = "<group>"; };
		23F385861AD4C247002A8F32 /* MFImageView.h */ = {isa = PBXFileReference; fileEncoding = 4; lastKnownFileType = sourcecode.c.h; path = MFImageView.h; sourceTree = "<group>"; };
		23F385871AD4C247002A8F32 /* MFImageView.m */ = {isa = PBXFileReference; fileEncoding = 4; lastKnownFileType = sourcecode.c.objc; path = MFImageView.m; sourceTree = "<group>"; };
		23F385881AD4C247002A8F32 /* MFLabel.h */ = {isa = PBXFileReference; fileEncoding = 4; lastKnownFileType = sourcecode.c.h; path = MFLabel.h; sourceTree = "<group>"; };
		23F385891AD4C247002A8F32 /* MFLabel.m */ = {isa = PBXFileReference; fileEncoding = 4; lastKnownFileType = sourcecode.c.objc; path = MFLabel.m; sourceTree = "<group>"; };
		23F3858A1AD4C247002A8F32 /* MFRichLabel.h */ = {isa = PBXFileReference; fileEncoding = 4; lastKnownFileType = sourcecode.c.h; path = MFRichLabel.h; sourceTree = "<group>"; };
		23F3858B1AD4C247002A8F32 /* MFRichLabel.m */ = {isa = PBXFileReference; fileEncoding = 4; lastKnownFileType = sourcecode.c.objc; path = MFRichLabel.m; sourceTree = "<group>"; };
		23F3858C1AD4C247002A8F32 /* MFView.h */ = {isa = PBXFileReference; fileEncoding = 4; lastKnownFileType = sourcecode.c.h; path = MFView.h; sourceTree = "<group>"; };
		23F3858D1AD4C247002A8F32 /* MFView.m */ = {isa = PBXFileReference; fileEncoding = 4; lastKnownFileType = sourcecode.c.objc; path = MFView.m; sourceTree = "<group>"; };
		23F3858E1AD4C247002A8F32 /* MFVoiceLabel.h */ = {isa = PBXFileReference; fileEncoding = 4; lastKnownFileType = sourcecode.c.h; path = MFVoiceLabel.h; sourceTree = "<group>"; };
		23F3858F1AD4C247002A8F32 /* MFVoiceLabel.m */ = {isa = PBXFileReference; fileEncoding = 4; lastKnownFileType = sourcecode.c.objc; path = MFVoiceLabel.m; sourceTree = "<group>"; };
		23F385941AD4C247002A8F32 /* ESCssParser.h */ = {isa = PBXFileReference; fileEncoding = 4; lastKnownFileType = sourcecode.c.h; path = ESCssParser.h; sourceTree = "<group>"; };
		23F385951AD4C247002A8F32 /* ESCssParser.m */ = {isa = PBXFileReference; fileEncoding = 4; lastKnownFileType = sourcecode.c.objc; path = ESCssParser.m; sourceTree = "<group>"; };
		23F385961AD4C247002A8F32 /* ESCssTokenizer.m */ = {isa = PBXFileReference; fileEncoding = 4; lastKnownFileType = sourcecode.c.objc; path = ESCssTokenizer.m; sourceTree = "<group>"; };
		23F385971AD4C247002A8F32 /* ESCssTokens.h */ = {isa = PBXFileReference; fileEncoding = 4; lastKnownFileType = sourcecode.c.h; path = ESCssTokens.h; sourceTree = "<group>"; };
		23F385981AD4C247002A8F32 /* ESCssTokens.m */ = {isa = PBXFileReference; fileEncoding = 4; lastKnownFileType = sourcecode.c.objc; path = ESCssTokens.m; sourceTree = "<group>"; };
		23F3859A1AD4C247002A8F32 /* HTMLNode.h */ = {isa = PBXFileReference; fileEncoding = 4; lastKnownFileType = sourcecode.c.h; path = HTMLNode.h; sourceTree = "<group>"; };
		23F3859B1AD4C247002A8F32 /* HTMLNode.m */ = {isa = PBXFileReference; fileEncoding = 4; lastKnownFileType = sourcecode.c.objc; path = HTMLNode.m; sourceTree = "<group>"; };
		23F3859C1AD4C247002A8F32 /* HTMLParser.h */ = {isa = PBXFileReference; fileEncoding = 4; lastKnownFileType = sourcecode.c.h; path = HTMLParser.h; sourceTree = "<group>"; };
		23F3859D1AD4C247002A8F32 /* HTMLParser.m */ = {isa = PBXFileReference; fileEncoding = 4; lastKnownFileType = sourcecode.c.objc; path = HTMLParser.m; sourceTree = "<group>"; };
		23F3859E1AD4C247002A8F32 /* UIView+Events.h */ = {isa = PBXFileReference; fileEncoding = 4; lastKnownFileType = sourcecode.c.h; path = "UIView+Events.h"; sourceTree = "<group>"; };
		23F3859F1AD4C247002A8F32 /* UIView+Events.m */ = {isa = PBXFileReference; fileEncoding = 4; lastKnownFileType = sourcecode.c.objc; path = "UIView+Events.m"; sourceTree = "<group>"; };
		23F385A11AD4C247002A8F32 /* MFViewController.h */ = {isa = PBXFileReference; fileEncoding = 4; lastKnownFileType = sourcecode.c.h; path = MFViewController.h; sourceTree = "<group>"; };
		23F385A21AD4C247002A8F32 /* MFViewController.m */ = {isa = PBXFileReference; fileEncoding = 4; lastKnownFileType = sourcecode.c.objc; path = MFViewController.m; sourceTree = "<group>"; };
/* End PBXFileReference section */

/* Begin PBXFrameworksBuildPhase section */
		231BE4481ACFC60000B65A58 /* Frameworks */ = {
			isa = PBXFrameworksBuildPhase;
			buildActionMask = 2147483647;
			files = (
				231BE4ED1AD39AEB00B65A58 /* wax.framework in Frameworks */,
				231BE4D81AD0377100B65A58 /* libxml2.2.dylib in Frameworks */,
			);
			runOnlyForDeploymentPostprocessing = 0;
		};
		231BE4611ACFC60000B65A58 /* Frameworks */ = {
			isa = PBXFrameworksBuildPhase;
			buildActionMask = 2147483647;
			files = (
			);
			runOnlyForDeploymentPostprocessing = 0;
		};
/* End PBXFrameworksBuildPhase section */

/* Begin PBXGroup section */
		1CE2F3741AD4D66C00E27AA8 /* DOM */ = {
			isa = PBXGroup;
			children = (
				1CE2F3751AD4D69500E27AA8 /* MFEventNode.h */,
				1CE2F3761AD4D69500E27AA8 /* MFEventNode.m */,
				1CE2F3781AD4D6A700E27AA8 /* MFDataNode.h */,
				1CE2F3791AD4D6A700E27AA8 /* MFDataNode.m */,
				1CE2F37B1AD4D6BF00E27AA8 /* MFLayoutNode.h */,
				1CE2F37C1AD4D6BF00E27AA8 /* MFLayoutNode.m */,
				1CE2F3851AD4E3D600E27AA8 /* MFDOM.h */,
				1CE2F3861AD4E3D600E27AA8 /* MFDOM.m */,
			);
			name = DOM;
			path = Class/DOM;
			sourceTree = "<group>";
		};
		1CE2F3811AD4D8BA00E27AA8 /* App */ = {
			isa = PBXGroup;
			children = (
				1CE2F3821AD4D8C900E27AA8 /* MFSDKLauncher.h */,
				1CE2F3831AD4D8C900E27AA8 /* MFSDKLauncher.m */,
			);
			name = App;
			path = Class/App;
			sourceTree = "<group>";
		};
		231BE4421ACFC60000B65A58 = {
			isa = PBXGroup;
			children = (
				23F385141AD42AE4002A8F32 /* demo */,
				231BE44D1ACFC60000B65A58 /* MFSDKBase */,
				231BE4671ACFC60000B65A58 /* MFSDKBaseTests */,
				231BE44C1ACFC60000B65A58 /* Products */,
			);
			sourceTree = "<group>";
		};
		231BE44C1ACFC60000B65A58 /* Products */ = {
			isa = PBXGroup;
			children = (
				231BE44B1ACFC60000B65A58 /* MFSDKBase.app */,
				231BE4641ACFC60000B65A58 /* MFSDKBaseTests.xctest */,
			);
			name = Products;
			sourceTree = "<group>";
		};
		231BE44D1ACFC60000B65A58 /* MFSDKBase */ = {
			isa = PBXGroup;
			children = (
				1CE2F3811AD4D8BA00E27AA8 /* App */,
				1CE2F3741AD4D66C00E27AA8 /* DOM */,
				23F385501AD4C247002A8F32 /* Event */,
				23F385551AD4C247002A8F32 /* Helper */,
				23F385611AD4C247002A8F32 /* Layout */,
				23F385641AD4C247002A8F32 /* PlugIn */,
				23F385781AD4C247002A8F32 /* UI */,
				23F385901AD4C247002A8F32 /* Utils */,
				23F385A01AD4C247002A8F32 /* ViewController */,
				1CC8EED41AD13B5C008C0286 /* MFSDK.h */,
				23F3852C1AD42C68002A8F32 /* Resource */,
				231BE4AC1AD003EB00B65A58 /* Frameworks */,
				231BE4521ACFC60000B65A58 /* AppDelegate.h */,
				231BE4531ACFC60000B65A58 /* AppDelegate.m */,
				231BE4551ACFC60000B65A58 /* ViewController.h */,
				231BE4561ACFC60000B65A58 /* ViewController.m */,
				231BE4581ACFC60000B65A58 /* Main.storyboard */,
				231BE45B1ACFC60000B65A58 /* Images.xcassets */,
				231BE45D1ACFC60000B65A58 /* LaunchScreen.xib */,
				231BE44E1ACFC60000B65A58 /* Supporting Files */,
			);
			path = MFSDKBase;
			sourceTree = "<group>";
		};
		231BE44E1ACFC60000B65A58 /* Supporting Files */ = {
			isa = PBXGroup;
			children = (
				231BE44F1ACFC60000B65A58 /* Info.plist */,
				231BE4501ACFC60000B65A58 /* main.m */,
			);
			name = "Supporting Files";
			sourceTree = "<group>";
		};
		231BE4671ACFC60000B65A58 /* MFSDKBaseTests */ = {
			isa = PBXGroup;
			children = (
				231BE46A1ACFC60000B65A58 /* MFSDKBaseTests.m */,
				231BE4681ACFC60000B65A58 /* Supporting Files */,
			);
			path = MFSDKBaseTests;
			sourceTree = "<group>";
		};
		231BE4681ACFC60000B65A58 /* Supporting Files */ = {
			isa = PBXGroup;
			children = (
				231BE4691ACFC60000B65A58 /* Info.plist */,
			);
			name = "Supporting Files";
			sourceTree = "<group>";
		};
		231BE4AC1AD003EB00B65A58 /* Frameworks */ = {
			isa = PBXGroup;
			children = (
				231BE4D71AD0377100B65A58 /* libxml2.2.dylib */,
				231BE4EC1AD39AEB00B65A58 /* wax.framework */,
			);
			path = Frameworks;
			sourceTree = "<group>";
		};
		23F385141AD42AE4002A8F32 /* demo */ = {
			isa = PBXGroup;
			children = (
				23F385151AD42AE4002A8F32 /* scripts */,
			);
			path = demo;
			sourceTree = "<group>";
		};
		23F385151AD42AE4002A8F32 /* scripts */ = {
			isa = PBXGroup;
			children = (
				23F3852F1AD42D28002A8F32 /* AppDelegate.lua */,
				23F385301AD42D28002A8F32 /* Detail.css */,
				23F385311AD42D28002A8F32 /* Detail.dataBinding */,
				23F385321AD42D28002A8F32 /* Detail.html */,
				23F385331AD42D28002A8F32 /* Detail.lua */,
				23F385341AD42D28002A8F32 /* Detail.plist */,
				23F385351AD42D28002A8F32 /* Master.css */,
				23F385361AD42D28002A8F32 /* Master.dataBinding */,
				23F385371AD42D28002A8F32 /* Master.html */,
				23F385381AD42D28002A8F32 /* Master.lua */,
				23F385391AD42D28002A8F32 /* Master.plist */,
			);
			path = scripts;
			sourceTree = "<group>";
		};
		23F3852C1AD42C68002A8F32 /* Resource */ = {
			isa = PBXGroup;
			children = (
				23F3852D1AD42C68002A8F32 /* MFSDK.bundle */,
			);
			path = Resource;
			sourceTree = "<group>";
		};
		23F385501AD4C247002A8F32 /* Event */ = {
			isa = PBXGroup;
			children = (
				23F385511AD4C247002A8F32 /* MFBridge.h */,
				23F385521AD4C247002A8F32 /* MFBridge.m */,
				23F385531AD4C247002A8F32 /* MFDispatchCenter.h */,
				23F385541AD4C247002A8F32 /* MFDispatchCenter.m */,
			);
			name = Event;
			path = Class/Event;
			sourceTree = "<group>";
		};
		23F385551AD4C247002A8F32 /* Helper */ = {
			isa = PBXGroup;
			children = (
				23F385561AD4C247002A8F32 /* MFDefine.h */,
				23F385571AD4C247002A8F32 /* MFHelper.h */,
				23F385581AD4C247002A8F32 /* MFHelper.m */,
				23F385591AD4C247002A8F32 /* MFResourceCenter.h */,
				23F3855A1AD4C247002A8F32 /* MFResourceCenter.m */,
				23F3855B1AD4C247002A8F32 /* MFStrategyCenter.h */,
				23F3855C1AD4C247002A8F32 /* MFStrategyCenter.m */,
				23F3855D1AD4C247002A8F32 /* UIView+Sizes.h */,
				23F3855E1AD4C247002A8F32 /* UIView+Sizes.m */,
				23F3855F1AD4C247002A8F32 /* UIView+UUID.h */,
				23F385601AD4C247002A8F32 /* UIView+UUID.m */,
			);
			name = Helper;
			path = Class/Helper;
			sourceTree = "<group>";
		};
		23F385611AD4C247002A8F32 /* Layout */ = {
			isa = PBXGroup;
			children = (
				23F385621AD4C247002A8F32 /* MFLayoutCenter.h */,
				23F385631AD4C247002A8F32 /* MFLayoutCenter.m */,
			);
			name = Layout;
			path = Class/Layout;
			sourceTree = "<group>";
		};
		23F385641AD4C247002A8F32 /* PlugIn */ = {
			isa = PBXGroup;
			children = (
				23F385651AD4C247002A8F32 /* Core */,
				23F385741AD4C247002A8F32 /* MFCorePlugInFactory.h */,
				23F385751AD4C247002A8F32 /* MFCorePlugInFactory.m */,
				23F385761AD4C247002A8F32 /* MFCorePlugInService.h */,
				23F385771AD4C247002A8F32 /* MFCorePlugInService.m */,
			);
			name = PlugIn;
			path = Class/PlugIn;
			sourceTree = "<group>";
		};
		23F385651AD4C247002A8F32 /* Core */ = {
			isa = PBXGroup;
			children = (
				23F385661AD4C247002A8F32 /* MFPlugIn.h */,
				23F385671AD4C247002A8F32 /* MFPlugIn.m */,
				23F385681AD4C247002A8F32 /* Parser */,
				23F3856F1AD4C247002A8F32 /* Script */,
			);
			path = Core;
			sourceTree = "<group>";
		};
		23F385681AD4C247002A8F32 /* Parser */ = {
			isa = PBXGroup;
			children = (
				23F3856D1AD4C247002A8F32 /* MFParser.h */,
				23F3856E1AD4C247002A8F32 /* MFParser.m */,
				23F385691AD4C247002A8F32 /* MFCssParser.h */,
				23F3856A1AD4C247002A8F32 /* MFCssParser.m */,
				23F3856B1AD4C247002A8F32 /* MFHtmlParser.h */,
				23F3856C1AD4C247002A8F32 /* MFHtmlParser.m */,
			);
			path = Parser;
			sourceTree = "<group>";
		};
		23F3856F1AD4C247002A8F32 /* Script */ = {
			isa = PBXGroup;
			children = (
				23F385701AD4C247002A8F32 /* MFLuaScript.h */,
				23F385711AD4C247002A8F32 /* MFLuaScript.m */,
				23F385721AD4C247002A8F32 /* MFScript.h */,
				23F385731AD4C247002A8F32 /* MFScript.m */,
			);
			path = Script;
			sourceTree = "<group>";
		};
		23F385781AD4C247002A8F32 /* UI */ = {
			isa = PBXGroup;
			children = (
				1CE2F3881AD518CD00E27AA8 /* MFScene.h */,
				1CE2F3891AD518CD00E27AA8 /* MFScene.m */,
				1CE2F37E1AD4D89000E27AA8 /* MFSceneCenter.h */,
				1CE2F37F1AD4D89000E27AA8 /* MFSceneCenter.m */,
				23F385791AD4C247002A8F32 /* MFSceneFactory.h */,
				23F3857A1AD4C247002A8F32 /* MFSceneFactory.m */,
				23F3857B1AD4C247002A8F32 /* UIView+Events.h */,
				23F3857C1AD4C247002A8F32 /* UIView+Events.m */,
				23F3857D1AD4C247002A8F32 /* Widget */,
			);
			name = UI;
			path = Class/UI;
			sourceTree = "<group>";
		};
		23F3857D1AD4C247002A8F32 /* Widget */ = {
			isa = PBXGroup;
			children = (
				23F3857E1AD4C247002A8F32 /* MFAudioLabel.h */,
				23F3857F1AD4C247002A8F32 /* MFAudioLabel.m */,
				23F385801AD4C247002A8F32 /* MFButton.h */,
				23F385811AD4C247002A8F32 /* MFButton.m */,
				23F385821AD4C247002A8F32 /* MFCell.h */,
				23F385831AD4C247002A8F32 /* MFCell.m */,
				23F385841AD4C247002A8F32 /* MFEmojiView.h */,
				23F385851AD4C247002A8F32 /* MFEmojiView.m */,
				23F385861AD4C247002A8F32 /* MFImageView.h */,
				23F385871AD4C247002A8F32 /* MFImageView.m */,
				23F385881AD4C247002A8F32 /* MFLabel.h */,
				23F385891AD4C247002A8F32 /* MFLabel.m */,
				23F3858A1AD4C247002A8F32 /* MFRichLabel.h */,
				23F3858B1AD4C247002A8F32 /* MFRichLabel.m */,
				23F3858C1AD4C247002A8F32 /* MFView.h */,
				23F3858D1AD4C247002A8F32 /* MFView.m */,
				23F3858E1AD4C247002A8F32 /* MFVoiceLabel.h */,
				23F3858F1AD4C247002A8F32 /* MFVoiceLabel.m */,
			);
			path = Widget;
			sourceTree = "<group>";
		};
		23F385901AD4C247002A8F32 /* Utils */ = {
			isa = PBXGroup;
			children = (
				23F385911AD4C247002A8F32 /* Third-party */,
				23F3859E1AD4C247002A8F32 /* UIView+Events.h */,
				23F3859F1AD4C247002A8F32 /* UIView+Events.m */,
			);
			name = Utils;
			path = Class/Utils;
			sourceTree = "<group>";
		};
		23F385911AD4C247002A8F32 /* Third-party */ = {
			isa = PBXGroup;
			children = (
				23F385921AD4C247002A8F32 /* ESCssParser */,
				23F385991AD4C247002A8F32 /* HTMLParser */,
			);
			path = "Third-party";
			sourceTree = "<group>";
		};
		23F385921AD4C247002A8F32 /* ESCssParser */ = {
			isa = PBXGroup;
			children = (
				23F385931AD4C247002A8F32 /* Parser */,
			);
			path = ESCssParser;
			sourceTree = "<group>";
		};
		23F385931AD4C247002A8F32 /* Parser */ = {
			isa = PBXGroup;
			children = (
				23F385941AD4C247002A8F32 /* ESCssParser.h */,
				23F385951AD4C247002A8F32 /* ESCssParser.m */,
				23F385961AD4C247002A8F32 /* ESCssTokenizer.m */,
				23F385971AD4C247002A8F32 /* ESCssTokens.h */,
				23F385981AD4C247002A8F32 /* ESCssTokens.m */,
			);
			path = Parser;
			sourceTree = "<group>";
		};
		23F385991AD4C247002A8F32 /* HTMLParser */ = {
			isa = PBXGroup;
			children = (
				23F3859A1AD4C247002A8F32 /* HTMLNode.h */,
				23F3859B1AD4C247002A8F32 /* HTMLNode.m */,
				23F3859C1AD4C247002A8F32 /* HTMLParser.h */,
				23F3859D1AD4C247002A8F32 /* HTMLParser.m */,
			);
			path = HTMLParser;
			sourceTree = "<group>";
		};
		23F385A01AD4C247002A8F32 /* ViewController */ = {
			isa = PBXGroup;
			children = (
				23F385A11AD4C247002A8F32 /* MFViewController.h */,
				23F385A21AD4C247002A8F32 /* MFViewController.m */,
			);
			name = ViewController;
			path = Class/ViewController;
			sourceTree = "<group>";
		};
/* End PBXGroup section */

/* Begin PBXNativeTarget section */
		231BE44A1ACFC60000B65A58 /* MFSDKBase */ = {
			isa = PBXNativeTarget;
			buildConfigurationList = 231BE46E1ACFC60000B65A58 /* Build configuration list for PBXNativeTarget "MFSDKBase" */;
			buildPhases = (
				231BE4471ACFC60000B65A58 /* Sources */,
				231BE4481ACFC60000B65A58 /* Frameworks */,
				231BE4491ACFC60000B65A58 /* Resources */,
			);
			buildRules = (
			);
			dependencies = (
			);
			name = MFSDKBase;
			productName = MFSDKBase;
			productReference = 231BE44B1ACFC60000B65A58 /* MFSDKBase.app */;
			productType = "com.apple.product-type.application";
		};
		231BE4631ACFC60000B65A58 /* MFSDKBaseTests */ = {
			isa = PBXNativeTarget;
			buildConfigurationList = 231BE4711ACFC60000B65A58 /* Build configuration list for PBXNativeTarget "MFSDKBaseTests" */;
			buildPhases = (
				231BE4601ACFC60000B65A58 /* Sources */,
				231BE4611ACFC60000B65A58 /* Frameworks */,
				231BE4621ACFC60000B65A58 /* Resources */,
			);
			buildRules = (
			);
			dependencies = (
				231BE4661ACFC60000B65A58 /* PBXTargetDependency */,
			);
			name = MFSDKBaseTests;
			productName = MFSDKBaseTests;
			productReference = 231BE4641ACFC60000B65A58 /* MFSDKBaseTests.xctest */;
			productType = "com.apple.product-type.bundle.unit-test";
		};
/* End PBXNativeTarget section */

/* Begin PBXProject section */
		231BE4431ACFC60000B65A58 /* Project object */ = {
			isa = PBXProject;
			attributes = {
				LastUpgradeCheck = 0610;
				ORGANIZATIONNAME = alipay;
				TargetAttributes = {
					231BE44A1ACFC60000B65A58 = {
						CreatedOnToolsVersion = 6.1.1;
					};
					231BE4631ACFC60000B65A58 = {
						CreatedOnToolsVersion = 6.1.1;
						TestTargetID = 231BE44A1ACFC60000B65A58;
					};
				};
			};
			buildConfigurationList = 231BE4461ACFC60000B65A58 /* Build configuration list for PBXProject "MFSDKBase" */;
			compatibilityVersion = "Xcode 3.2";
			developmentRegion = English;
			hasScannedForEncodings = 0;
			knownRegions = (
				en,
				Base,
			);
			mainGroup = 231BE4421ACFC60000B65A58;
			productRefGroup = 231BE44C1ACFC60000B65A58 /* Products */;
			projectDirPath = "";
			projectRoot = "";
			targets = (
				231BE44A1ACFC60000B65A58 /* MFSDKBase */,
				231BE4631ACFC60000B65A58 /* MFSDKBaseTests */,
			);
		};
/* End PBXProject section */

/* Begin PBXResourcesBuildPhase section */
		231BE4491ACFC60000B65A58 /* Resources */ = {
			isa = PBXResourcesBuildPhase;
			buildActionMask = 2147483647;
			files = (
				23F3853C1AD42D28002A8F32 /* Detail.css in Resources */,
				23F3853E1AD42D28002A8F32 /* Detail.html in Resources */,
				23F385431AD42D28002A8F32 /* Master.html in Resources */,
				231BE45A1ACFC60000B65A58 /* Main.storyboard in Resources */,
				23F3853B1AD42D28002A8F32 /* AppDelegate.lua in Resources */,
				23F3852E1AD42C68002A8F32 /* MFSDK.bundle in Resources */,
				23F3853F1AD42D28002A8F32 /* Detail.lua in Resources */,
				231BE45F1ACFC60000B65A58 /* LaunchScreen.xib in Resources */,
				23F385401AD42D28002A8F32 /* Detail.plist in Resources */,
				23F385411AD42D28002A8F32 /* Master.css in Resources */,
				23F385421AD42D28002A8F32 /* Master.dataBinding in Resources */,
				23F385451AD42D28002A8F32 /* Master.plist in Resources */,
				23F3853D1AD42D28002A8F32 /* Detail.dataBinding in Resources */,
				23F385441AD42D28002A8F32 /* Master.lua in Resources */,
				231BE45C1ACFC60000B65A58 /* Images.xcassets in Resources */,
			);
			runOnlyForDeploymentPostprocessing = 0;
		};
		231BE4621ACFC60000B65A58 /* Resources */ = {
			isa = PBXResourcesBuildPhase;
			buildActionMask = 2147483647;
			files = (
			);
			runOnlyForDeploymentPostprocessing = 0;
		};
/* End PBXResourcesBuildPhase section */

/* Begin PBXSourcesBuildPhase section */
		231BE4471ACFC60000B65A58 /* Sources */ = {
			isa = PBXSourcesBuildPhase;
			buildActionMask = 2147483647;
			files = (
				23F385C21AD4C247002A8F32 /* HTMLNode.m in Sources */,
				23F385B91AD4C247002A8F32 /* MFEmojiView.m in Sources */,
				231BE4571ACFC60000B65A58 /* ViewController.m in Sources */,
				23F385AB1AD4C247002A8F32 /* MFLayoutCenter.m in Sources */,
				1CE2F3841AD4D8C900E27AA8 /* MFSDKLauncher.m in Sources */,
				23F385A71AD4C247002A8F32 /* MFResourceCenter.m in Sources */,
				231BE4541ACFC60000B65A58 /* AppDelegate.m in Sources */,
				23F385B71AD4C247002A8F32 /* MFButton.m in Sources */,
				1CE2F37D1AD4D6BF00E27AA8 /* MFLayoutNode.m in Sources */,
				23F385C01AD4C247002A8F32 /* ESCssTokenizer.m in Sources */,
				23F385BC1AD4C247002A8F32 /* MFRichLabel.m in Sources */,
				23F385BA1AD4C247002A8F32 /* MFImageView.m in Sources */,
				23F385BE1AD4C247002A8F32 /* MFVoiceLabel.m in Sources */,
				23F385B21AD4C247002A8F32 /* MFCorePlugInFactory.m in Sources */,
				23F385AC1AD4C247002A8F32 /* MFPlugIn.m in Sources */,
				23F385C31AD4C247002A8F32 /* HTMLParser.m in Sources */,
				23F385AF1AD4C247002A8F32 /* MFParser.m in Sources */,
				23F385A91AD4C247002A8F32 /* UIView+Sizes.m in Sources */,
				1CE2F3801AD4D89000E27AA8 /* MFSceneCenter.m in Sources */,
				23F385B31AD4C247002A8F32 /* MFCorePlugInService.m in Sources */,
				23F385B01AD4C247002A8F32 /* MFLuaScript.m in Sources */,
				23F385AA1AD4C247002A8F32 /* UIView+UUID.m in Sources */,
				1CE2F38A1AD518CD00E27AA8 /* MFScene.m in Sources */,
				23F385B81AD4C247002A8F32 /* MFCell.m in Sources */,
				1CE2F3771AD4D69500E27AA8 /* MFEventNode.m in Sources */,
				23F385A51AD4C247002A8F32 /* MFDispatchCenter.m in Sources */,
				23F385AE1AD4C247002A8F32 /* MFHtmlParser.m in Sources */,
				231BE4511ACFC60000B65A58 /* main.m in Sources */,
				23F385BB1AD4C247002A8F32 /* MFLabel.m in Sources */,
				1CE2F3871AD4E3D600E27AA8 /* MFDOM.m in Sources */,
				23F385C41AD4C247002A8F32 /* UIView+Events.m in Sources */,
				23F385BF1AD4C247002A8F32 /* ESCssParser.m in Sources */,
				23F385C51AD4C247002A8F32 /* MFViewController.m in Sources */,
				23F385B11AD4C247002A8F32 /* MFScript.m in Sources */,
				23F385B61AD4C247002A8F32 /* MFAudioLabel.m in Sources */,
				23F385A61AD4C247002A8F32 /* MFHelper.m in Sources */,
				23F385B51AD4C247002A8F32 /* UIView+Events.m in Sources */,
				23F385AD1AD4C247002A8F32 /* MFCssParser.m in Sources */,
				1CE2F37A1AD4D6A700E27AA8 /* MFDataNode.m in Sources */,
				23F385B41AD4C247002A8F32 /* MFSceneFactory.m in Sources */,
				23F385A81AD4C247002A8F32 /* MFStrategyCenter.m in Sources */,
				23F385C11AD4C247002A8F32 /* ESCssTokens.m in Sources */,
				23F385A41AD4C247002A8F32 /* MFBridge.m in Sources */,
				23F385BD1AD4C247002A8F32 /* MFView.m in Sources */,
			);
			runOnlyForDeploymentPostprocessing = 0;
		};
		231BE4601ACFC60000B65A58 /* Sources */ = {
			isa = PBXSourcesBuildPhase;
			buildActionMask = 2147483647;
			files = (
				231BE46B1ACFC60000B65A58 /* MFSDKBaseTests.m in Sources */,
			);
			runOnlyForDeploymentPostprocessing = 0;
		};
/* End PBXSourcesBuildPhase section */

/* Begin PBXTargetDependency section */
		231BE4661ACFC60000B65A58 /* PBXTargetDependency */ = {
			isa = PBXTargetDependency;
			target = 231BE44A1ACFC60000B65A58 /* MFSDKBase */;
			targetProxy = 231BE4651ACFC60000B65A58 /* PBXContainerItemProxy */;
		};
/* End PBXTargetDependency section */

/* Begin PBXVariantGroup section */
		231BE4581ACFC60000B65A58 /* Main.storyboard */ = {
			isa = PBXVariantGroup;
			children = (
				231BE4591ACFC60000B65A58 /* Base */,
			);
			name = Main.storyboard;
			sourceTree = "<group>";
		};
		231BE45D1ACFC60000B65A58 /* LaunchScreen.xib */ = {
			isa = PBXVariantGroup;
			children = (
				231BE45E1ACFC60000B65A58 /* Base */,
			);
			name = LaunchScreen.xib;
			sourceTree = "<group>";
		};
/* End PBXVariantGroup section */

/* Begin XCBuildConfiguration section */
		231BE46C1ACFC60000B65A58 /* Debug */ = {
			isa = XCBuildConfiguration;
			buildSettings = {
				ALWAYS_SEARCH_USER_PATHS = NO;
				CLANG_CXX_LANGUAGE_STANDARD = "gnu++0x";
				CLANG_CXX_LIBRARY = "libc++";
				CLANG_ENABLE_MODULES = YES;
				CLANG_ENABLE_OBJC_ARC = YES;
				CLANG_WARN_BOOL_CONVERSION = YES;
				CLANG_WARN_CONSTANT_CONVERSION = YES;
				CLANG_WARN_DIRECT_OBJC_ISA_USAGE = YES_ERROR;
				CLANG_WARN_EMPTY_BODY = YES;
				CLANG_WARN_ENUM_CONVERSION = YES;
				CLANG_WARN_INT_CONVERSION = YES;
				CLANG_WARN_OBJC_ROOT_CLASS = YES_ERROR;
				CLANG_WARN_UNREACHABLE_CODE = YES;
				CLANG_WARN__DUPLICATE_METHOD_MATCH = YES;
				"CODE_SIGN_IDENTITY[sdk=iphoneos*]" = "iPhone Developer";
				COPY_PHASE_STRIP = NO;
				ENABLE_STRICT_OBJC_MSGSEND = YES;
				GCC_C_LANGUAGE_STANDARD = gnu99;
				GCC_DYNAMIC_NO_PIC = NO;
				GCC_OPTIMIZATION_LEVEL = 0;
				GCC_PREPROCESSOR_DEFINITIONS = (
					"DEBUG=1",
					"$(inherited)",
				);
				GCC_SYMBOLS_PRIVATE_EXTERN = NO;
				GCC_WARN_64_TO_32_BIT_CONVERSION = YES;
				GCC_WARN_ABOUT_RETURN_TYPE = YES_ERROR;
				GCC_WARN_UNDECLARED_SELECTOR = YES;
				GCC_WARN_UNINITIALIZED_AUTOS = YES_AGGRESSIVE;
				GCC_WARN_UNUSED_FUNCTION = YES;
				GCC_WARN_UNUSED_VARIABLE = YES;
				IPHONEOS_DEPLOYMENT_TARGET = 8.1;
				MTL_ENABLE_DEBUG_INFO = YES;
				ONLY_ACTIVE_ARCH = YES;
				SDKROOT = iphoneos;
				TARGETED_DEVICE_FAMILY = "1,2";
			};
			name = Debug;
		};
		231BE46D1ACFC60000B65A58 /* Release */ = {
			isa = XCBuildConfiguration;
			buildSettings = {
				ALWAYS_SEARCH_USER_PATHS = NO;
				CLANG_CXX_LANGUAGE_STANDARD = "gnu++0x";
				CLANG_CXX_LIBRARY = "libc++";
				CLANG_ENABLE_MODULES = YES;
				CLANG_ENABLE_OBJC_ARC = YES;
				CLANG_WARN_BOOL_CONVERSION = YES;
				CLANG_WARN_CONSTANT_CONVERSION = YES;
				CLANG_WARN_DIRECT_OBJC_ISA_USAGE = YES_ERROR;
				CLANG_WARN_EMPTY_BODY = YES;
				CLANG_WARN_ENUM_CONVERSION = YES;
				CLANG_WARN_INT_CONVERSION = YES;
				CLANG_WARN_OBJC_ROOT_CLASS = YES_ERROR;
				CLANG_WARN_UNREACHABLE_CODE = YES;
				CLANG_WARN__DUPLICATE_METHOD_MATCH = YES;
				"CODE_SIGN_IDENTITY[sdk=iphoneos*]" = "iPhone Developer";
				COPY_PHASE_STRIP = YES;
				ENABLE_NS_ASSERTIONS = NO;
				ENABLE_STRICT_OBJC_MSGSEND = YES;
				GCC_C_LANGUAGE_STANDARD = gnu99;
				GCC_WARN_64_TO_32_BIT_CONVERSION = YES;
				GCC_WARN_ABOUT_RETURN_TYPE = YES_ERROR;
				GCC_WARN_UNDECLARED_SELECTOR = YES;
				GCC_WARN_UNINITIALIZED_AUTOS = YES_AGGRESSIVE;
				GCC_WARN_UNUSED_FUNCTION = YES;
				GCC_WARN_UNUSED_VARIABLE = YES;
				IPHONEOS_DEPLOYMENT_TARGET = 8.1;
				MTL_ENABLE_DEBUG_INFO = NO;
				SDKROOT = iphoneos;
				TARGETED_DEVICE_FAMILY = "1,2";
				VALIDATE_PRODUCT = YES;
			};
			name = Release;
		};
		231BE46F1ACFC60000B65A58 /* Debug */ = {
			isa = XCBuildConfiguration;
			buildSettings = {
				ARCHS = armv7;
				ASSETCATALOG_COMPILER_APPICON_NAME = AppIcon;
				FRAMEWORK_SEARCH_PATHS = (
					"$(inherited)",
					/Users/lichunrong/Work/MFSDKBase/MFSDKBase,
					"$(PROJECT_DIR)/MFSDKBase/Frameworks",
				);
				HEADER_SEARCH_PATHS = (
					"$(inherited)",
					/Applications/Xcode.app/Contents/Developer/Toolchains/XcodeDefault.xctoolchain/usr/include,
					/usr/include/libxml2,
				);
				INFOPLIST_FILE = MFSDKBase/Info.plist;
				LD_RUNPATH_SEARCH_PATHS = "$(inherited) @executable_path/Frameworks";
				PRODUCT_NAME = "$(TARGET_NAME)";
			};
			name = Debug;
		};
		231BE4701ACFC60000B65A58 /* Release */ = {
			isa = XCBuildConfiguration;
			buildSettings = {
				ARCHS = armv7;
				ASSETCATALOG_COMPILER_APPICON_NAME = AppIcon;
				FRAMEWORK_SEARCH_PATHS = (
					"$(inherited)",
					/Users/lichunrong/Work/MFSDKBase/MFSDKBase,
					"$(PROJECT_DIR)/MFSDKBase/Frameworks",
				);
				HEADER_SEARCH_PATHS = (
					"$(inherited)",
					/Applications/Xcode.app/Contents/Developer/Toolchains/XcodeDefault.xctoolchain/usr/include,
					/usr/include/libxml2,
				);
				INFOPLIST_FILE = MFSDKBase/Info.plist;
				LD_RUNPATH_SEARCH_PATHS = "$(inherited) @executable_path/Frameworks";
				PRODUCT_NAME = "$(TARGET_NAME)";
			};
			name = Release;
		};
		231BE4721ACFC60000B65A58 /* Debug */ = {
			isa = XCBuildConfiguration;
			buildSettings = {
				BUNDLE_LOADER = "$(TEST_HOST)";
				FRAMEWORK_SEARCH_PATHS = (
					"$(SDKROOT)/Developer/Library/Frameworks",
					"$(inherited)",
				);
				GCC_PREPROCESSOR_DEFINITIONS = (
					"DEBUG=1",
					"$(inherited)",
				);
				INFOPLIST_FILE = MFSDKBaseTests/Info.plist;
				LD_RUNPATH_SEARCH_PATHS = "$(inherited) @executable_path/Frameworks @loader_path/Frameworks";
				PRODUCT_NAME = "$(TARGET_NAME)";
				TEST_HOST = "$(BUILT_PRODUCTS_DIR)/MFSDKBase.app/MFSDKBase";
			};
			name = Debug;
		};
		231BE4731ACFC60000B65A58 /* Release */ = {
			isa = XCBuildConfiguration;
			buildSettings = {
				BUNDLE_LOADER = "$(TEST_HOST)";
				FRAMEWORK_SEARCH_PATHS = (
					"$(SDKROOT)/Developer/Library/Frameworks",
					"$(inherited)",
				);
				INFOPLIST_FILE = MFSDKBaseTests/Info.plist;
				LD_RUNPATH_SEARCH_PATHS = "$(inherited) @executable_path/Frameworks @loader_path/Frameworks";
				PRODUCT_NAME = "$(TARGET_NAME)";
				TEST_HOST = "$(BUILT_PRODUCTS_DIR)/MFSDKBase.app/MFSDKBase";
			};
			name = Release;
		};
/* End XCBuildConfiguration section */

/* Begin XCConfigurationList section */
		231BE4461ACFC60000B65A58 /* Build configuration list for PBXProject "MFSDKBase" */ = {
			isa = XCConfigurationList;
			buildConfigurations = (
				231BE46C1ACFC60000B65A58 /* Debug */,
				231BE46D1ACFC60000B65A58 /* Release */,
			);
			defaultConfigurationIsVisible = 0;
			defaultConfigurationName = Release;
		};
		231BE46E1ACFC60000B65A58 /* Build configuration list for PBXNativeTarget "MFSDKBase" */ = {
			isa = XCConfigurationList;
			buildConfigurations = (
				231BE46F1ACFC60000B65A58 /* Debug */,
				231BE4701ACFC60000B65A58 /* Release */,
			);
			defaultConfigurationIsVisible = 0;
			defaultConfigurationName = Release;
		};
		231BE4711ACFC60000B65A58 /* Build configuration list for PBXNativeTarget "MFSDKBaseTests" */ = {
			isa = XCConfigurationList;
			buildConfigurations = (
				231BE4721ACFC60000B65A58 /* Debug */,
				231BE4731ACFC60000B65A58 /* Release */,
			);
			defaultConfigurationIsVisible = 0;
			defaultConfigurationName = Release;
		};
/* End XCConfigurationList section */
	};
	rootObject = 231BE4431ACFC60000B65A58 /* Project object */;
}
